// !$*UTF8*$!
{
	archiveVersion = 1;
	classes = {
	};
	objectVersion = 51;
	objects = {

/* Begin PBXBuildFile section */
		133065B3244F844D00A25D5C /* AppDelegate.swift in Sources */ = {isa = PBXBuildFile; fileRef = 133065B2244F844D00A25D5C /* AppDelegate.swift */; };
		133065B5244F844D00A25D5C /* SceneDelegate.swift in Sources */ = {isa = PBXBuildFile; fileRef = 133065B4244F844D00A25D5C /* SceneDelegate.swift */; };
		133065BA244F844D00A25D5C /* Main.storyboard in Resources */ = {isa = PBXBuildFile; fileRef = 133065B8244F844D00A25D5C /* Main.storyboard */; };
		133065BC244F844F00A25D5C /* Assets.xcassets in Resources */ = {isa = PBXBuildFile; fileRef = 133065BB244F844F00A25D5C /* Assets.xcassets */; };
		133065BF244F844F00A25D5C /* LaunchScreen.storyboard in Resources */ = {isa = PBXBuildFile; fileRef = 133065BD244F844F00A25D5C /* LaunchScreen.storyboard */; };
		133065C7244F885800A25D5C /* GoogleService-Info.plist in Resources */ = {isa = PBXBuildFile; fileRef = 133065C6244F885800A25D5C /* GoogleService-Info.plist */; };
		133065C9244F8B4200A25D5C /* ChatRoomsTableViewController.swift in Sources */ = {isa = PBXBuildFile; fileRef = 133065C8244F8B4200A25D5C /* ChatRoomsTableViewController.swift */; };
		133065CD244F8BA500A25D5C /* ChatViewController.swift in Sources */ = {isa = PBXBuildFile; fileRef = 133065CC244F8BA500A25D5C /* ChatViewController.swift */; };
		133065D0244F8DE100A25D5C /* ChatRoom.swift in Sources */ = {isa = PBXBuildFile; fileRef = 133065CF244F8DE100A25D5C /* ChatRoom.swift */; };
		133065D6244FA20400A25D5C /* Sender+UserDefaults.swift in Sources */ = {isa = PBXBuildFile; fileRef = 133065D5244FA20400A25D5C /* Sender+UserDefaults.swift */; };
		133065D8244FA26100A25D5C /* ChatRoomsController.swift in Sources */ = {isa = PBXBuildFile; fileRef = 133065D7244FA26100A25D5C /* ChatRoomsController.swift */; };
		337E6BD4A4746EFF2E039294 /* Pods_Firebase_Chat.framework in Frameworks */ = {isa = PBXBuildFile; fileRef = 958C111478AF4917C0E807BA /* Pods_Firebase_Chat.framework */; };
/* End PBXBuildFile section */

/* Begin PBXFileReference section */
		133065AF244F844D00A25D5C /* Firebase Chat.app */ = {isa = PBXFileReference; explicitFileType = wrapper.application; includeInIndex = 0; path = "Firebase Chat.app"; sourceTree = BUILT_PRODUCTS_DIR; };
		133065B2244F844D00A25D5C /* AppDelegate.swift */ = {isa = PBXFileReference; lastKnownFileType = sourcecode.swift; path = AppDelegate.swift; sourceTree = "<group>"; };
		133065B4244F844D00A25D5C /* SceneDelegate.swift */ = {isa = PBXFileReference; lastKnownFileType = sourcecode.swift; path = SceneDelegate.swift; sourceTree = "<group>"; };
		133065B9244F844D00A25D5C /* Base */ = {isa = PBXFileReference; lastKnownFileType = file.storyboard; name = Base; path = Base.lproj/Main.storyboard; sourceTree = "<group>"; };
		133065BB244F844F00A25D5C /* Assets.xcassets */ = {isa = PBXFileReference; lastKnownFileType = folder.assetcatalog; path = Assets.xcassets; sourceTree = "<group>"; };
		133065BE244F844F00A25D5C /* Base */ = {isa = PBXFileReference; lastKnownFileType = file.storyboard; name = Base; path = Base.lproj/LaunchScreen.storyboard; sourceTree = "<group>"; };
		133065C0244F844F00A25D5C /* Info.plist */ = {isa = PBXFileReference; lastKnownFileType = text.plist.xml; path = Info.plist; sourceTree = "<group>"; };
		133065C6244F885800A25D5C /* GoogleService-Info.plist */ = {isa = PBXFileReference; fileEncoding = 4; lastKnownFileType = text.plist.xml; path = "GoogleService-Info.plist"; sourceTree = "<group>"; };
		133065C8244F8B4200A25D5C /* ChatRoomsTableViewController.swift */ = {isa = PBXFileReference; lastKnownFileType = sourcecode.swift; path = ChatRoomsTableViewController.swift; sourceTree = "<group>"; };
		133065CC244F8BA500A25D5C /* ChatViewController.swift */ = {isa = PBXFileReference; lastKnownFileType = sourcecode.swift; path = ChatViewController.swift; sourceTree = "<group>"; };
		133065CF244F8DE100A25D5C /* ChatRoom.swift */ = {isa = PBXFileReference; lastKnownFileType = sourcecode.swift; path = ChatRoom.swift; sourceTree = "<group>"; };
		133065D5244FA20400A25D5C /* Sender+UserDefaults.swift */ = {isa = PBXFileReference; lastKnownFileType = sourcecode.swift; path = "Sender+UserDefaults.swift"; sourceTree = "<group>"; };
		133065D7244FA26100A25D5C /* ChatRoomsController.swift */ = {isa = PBXFileReference; lastKnownFileType = sourcecode.swift; path = ChatRoomsController.swift; sourceTree = "<group>"; };
		722EC184EC8F56FE14FFE763 /* Pods-Firebase Chat.debug.xcconfig */ = {isa = PBXFileReference; includeInIndex = 1; lastKnownFileType = text.xcconfig; name = "Pods-Firebase Chat.debug.xcconfig"; path = "Target Support Files/Pods-Firebase Chat/Pods-Firebase Chat.debug.xcconfig"; sourceTree = "<group>"; };
		958C111478AF4917C0E807BA /* Pods_Firebase_Chat.framework */ = {isa = PBXFileReference; explicitFileType = wrapper.framework; includeInIndex = 0; path = Pods_Firebase_Chat.framework; sourceTree = BUILT_PRODUCTS_DIR; };
		EE91F9233F872FC38196B60C /* Pods-Firebase Chat.release.xcconfig */ = {isa = PBXFileReference; includeInIndex = 1; lastKnownFileType = text.xcconfig; name = "Pods-Firebase Chat.release.xcconfig"; path = "Target Support Files/Pods-Firebase Chat/Pods-Firebase Chat.release.xcconfig"; sourceTree = "<group>"; };
/* End PBXFileReference section */

/* Begin PBXFrameworksBuildPhase section */
		133065AC244F844D00A25D5C /* Frameworks */ = {
			isa = PBXFrameworksBuildPhase;
			buildActionMask = 2147483647;
			files = (
				337E6BD4A4746EFF2E039294 /* Pods_Firebase_Chat.framework in Frameworks */,
			);
			runOnlyForDeploymentPostprocessing = 0;
		};
/* End PBXFrameworksBuildPhase section */

/* Begin PBXGroup section */
		133065A6244F844D00A25D5C = {
			isa = PBXGroup;
			children = (
				133065B1244F844D00A25D5C /* Firebase Chat */,
				133065CE244F8DC600A25D5C /* View Controllers */,
				133065D9244FA5A100A25D5C /* Model Controller */,
				133065D3244F8E2000A25D5C /* Models */,
				133065B0244F844D00A25D5C /* Products */,
				2ED1297B34F91FC275039738 /* Pods */,
				2FA3191909430F0A459BC1BF /* Frameworks */,
			);
			sourceTree = "<group>";
		};
		133065B0244F844D00A25D5C /* Products */ = {
			isa = PBXGroup;
			children = (
				133065AF244F844D00A25D5C /* Firebase Chat.app */,
			);
			name = Products;
			sourceTree = "<group>";
		};
		133065B1244F844D00A25D5C /* Firebase Chat */ = {
			isa = PBXGroup;
			children = (
				133065D4244FA1D800A25D5C /* Application */,
				133065B8244F844D00A25D5C /* Main.storyboard */,
				133065BD244F844F00A25D5C /* LaunchScreen.storyboard */,
				133065C0244F844F00A25D5C /* Info.plist */,
				133065C6244F885800A25D5C /* GoogleService-Info.plist */,
			);
			path = "Firebase Chat";
			sourceTree = "<group>";
		};
		133065CE244F8DC600A25D5C /* View Controllers */ = {
			isa = PBXGroup;
			children = (
				133065C8244F8B4200A25D5C /* ChatRoomsTableViewController.swift */,
				133065CC244F8BA500A25D5C /* ChatViewController.swift */,
			);
			path = "View Controllers";
			sourceTree = "<group>";
		};
		133065D3244F8E2000A25D5C /* Models */ = {
			isa = PBXGroup;
			children = (
				133065CF244F8DE100A25D5C /* ChatRoom.swift */,
				133065D5244FA20400A25D5C /* Sender+UserDefaults.swift */,
			);
			path = Models;
			sourceTree = "<group>";
		};
		133065D4244FA1D800A25D5C /* Application */ = {
			isa = PBXGroup;
			children = (
				133065B2244F844D00A25D5C /* AppDelegate.swift */,
				133065B4244F844D00A25D5C /* SceneDelegate.swift */,
				133065BB244F844F00A25D5C /* Assets.xcassets */,
			);
			path = Application;
			sourceTree = "<group>";
		};
		133065D9244FA5A100A25D5C /* Model Controller */ = {
			isa = PBXGroup;
			children = (
				133065D7244FA26100A25D5C /* ChatRoomsController.swift */,
			);
			path = "Model Controller";
			sourceTree = "<group>";
		};
		2ED1297B34F91FC275039738 /* Pods */ = {
			isa = PBXGroup;
			children = (
				722EC184EC8F56FE14FFE763 /* Pods-Firebase Chat.debug.xcconfig */,
				EE91F9233F872FC38196B60C /* Pods-Firebase Chat.release.xcconfig */,
			);
			path = Pods;
			sourceTree = "<group>";
		};
		2FA3191909430F0A459BC1BF /* Frameworks */ = {
			isa = PBXGroup;
			children = (
				958C111478AF4917C0E807BA /* Pods_Firebase_Chat.framework */,
			);
			name = Frameworks;
			sourceTree = "<group>";
		};
/* End PBXGroup section */

/* Begin PBXNativeTarget section */
		133065AE244F844D00A25D5C /* Firebase Chat */ = {
			isa = PBXNativeTarget;
			buildConfigurationList = 133065C3244F844F00A25D5C /* Build configuration list for PBXNativeTarget "Firebase Chat" */;
			buildPhases = (
				6AD25D9310B052AEB16CE789 /* [CP] Check Pods Manifest.lock */,
				133065AB244F844D00A25D5C /* Sources */,
				133065AC244F844D00A25D5C /* Frameworks */,
				133065AD244F844D00A25D5C /* Resources */,
				66DD39F3163F198E33A42FC9 /* [CP] Embed Pods Frameworks */,
			);
			buildRules = (
			);
			dependencies = (
			);
			name = "Firebase Chat";
			productName = "Firebase Chat";
			productReference = 133065AF244F844D00A25D5C /* Firebase Chat.app */;
			productType = "com.apple.product-type.application";
		};
/* End PBXNativeTarget section */

/* Begin PBXProject section */
		133065A7244F844D00A25D5C /* Project object */ = {
			isa = PBXProject;
			attributes = {
				LastSwiftUpdateCheck = 1140;
				LastUpgradeCheck = 1140;
				ORGANIZATIONNAME = "Wyatt Harrell";
				TargetAttributes = {
					133065AE244F844D00A25D5C = {
						CreatedOnToolsVersion = 11.4;
					};
				};
			};
			buildConfigurationList = 133065AA244F844D00A25D5C /* Build configuration list for PBXProject "Firebase Chat" */;
			compatibilityVersion = "Xcode 9.3";
			developmentRegion = en;
			hasScannedForEncodings = 0;
			knownRegions = (
				en,
				Base,
			);
			mainGroup = 133065A6244F844D00A25D5C;
			productRefGroup = 133065B0244F844D00A25D5C /* Products */;
			projectDirPath = "";
			projectRoot = "";
			targets = (
				133065AE244F844D00A25D5C /* Firebase Chat */,
			);
		};
/* End PBXProject section */

/* Begin PBXResourcesBuildPhase section */
		133065AD244F844D00A25D5C /* Resources */ = {
			isa = PBXResourcesBuildPhase;
			buildActionMask = 2147483647;
			files = (
				133065BF244F844F00A25D5C /* LaunchScreen.storyboard in Resources */,
				133065C7244F885800A25D5C /* GoogleService-Info.plist in Resources */,
				133065BC244F844F00A25D5C /* Assets.xcassets in Resources */,
				133065BA244F844D00A25D5C /* Main.storyboard in Resources */,
			);
			runOnlyForDeploymentPostprocessing = 0;
		};
/* End PBXResourcesBuildPhase section */

/* Begin PBXShellScriptBuildPhase section */
		66DD39F3163F198E33A42FC9 /* [CP] Embed Pods Frameworks */ = {
			isa = PBXShellScriptBuildPhase;
			buildActionMask = 2147483647;
			files = (
			);
			inputFileListPaths = (
				"${PODS_ROOT}/Target Support Files/Pods-Firebase Chat/Pods-Firebase Chat-frameworks-${CONFIGURATION}-input-files.xcfilelist",
			);
			name = "[CP] Embed Pods Frameworks";
			outputFileListPaths = (
				"${PODS_ROOT}/Target Support Files/Pods-Firebase Chat/Pods-Firebase Chat-frameworks-${CONFIGURATION}-output-files.xcfilelist",
			);
			runOnlyForDeploymentPostprocessing = 0;
			shellPath = /bin/sh;
			shellScript = "\"${PODS_ROOT}/Target Support Files/Pods-Firebase Chat/Pods-Firebase Chat-frameworks.sh\"\n";
			showEnvVarsInLog = 0;
		};
		6AD25D9310B052AEB16CE789 /* [CP] Check Pods Manifest.lock */ = {
			isa = PBXShellScriptBuildPhase;
			buildActionMask = 2147483647;
			files = (
			);
			inputFileListPaths = (
			);
			inputPaths = (
				"${PODS_PODFILE_DIR_PATH}/Podfile.lock",
				"${PODS_ROOT}/Manifest.lock",
			);
			name = "[CP] Check Pods Manifest.lock";
			outputFileListPaths = (
			);
			outputPaths = (
				"$(DERIVED_FILE_DIR)/Pods-Firebase Chat-checkManifestLockResult.txt",
			);
			runOnlyForDeploymentPostprocessing = 0;
			shellPath = /bin/sh;
			shellScript = "diff \"${PODS_PODFILE_DIR_PATH}/Podfile.lock\" \"${PODS_ROOT}/Manifest.lock\" > /dev/null\nif [ $? != 0 ] ; then\n    # print error to STDERR\n    echo \"error: The sandbox is not in sync with the Podfile.lock. Run 'pod install' or update your CocoaPods installation.\" >&2\n    exit 1\nfi\n# This output is used by Xcode 'outputs' to avoid re-running this script phase.\necho \"SUCCESS\" > \"${SCRIPT_OUTPUT_FILE_0}\"\n";
			showEnvVarsInLog = 0;
		};
/* End PBXShellScriptBuildPhase section */

/* Begin PBXSourcesBuildPhase section */
		133065AB244F844D00A25D5C /* Sources */ = {
			isa = PBXSourcesBuildPhase;
			buildActionMask = 2147483647;
			files = (
				133065D8244FA26100A25D5C /* ChatRoomsController.swift in Sources */,
				133065B3244F844D00A25D5C /* AppDelegate.swift in Sources */,
				133065B5244F844D00A25D5C /* SceneDelegate.swift in Sources */,
				133065CD244F8BA500A25D5C /* ChatViewController.swift in Sources */,
				133065D6244FA20400A25D5C /* Sender+UserDefaults.swift in Sources */,
				133065D0244F8DE100A25D5C /* ChatRoom.swift in Sources */,
				133065C9244F8B4200A25D5C /* ChatRoomsTableViewController.swift in Sources */,
			);
			runOnlyForDeploymentPostprocessing = 0;
		};
/* End PBXSourcesBuildPhase section */

/* Begin PBXVariantGroup section */
		133065B8244F844D00A25D5C /* Main.storyboard */ = {
			isa = PBXVariantGroup;
			children = (
				133065B9244F844D00A25D5C /* Base */,
			);
			name = Main.storyboard;
			sourceTree = "<group>";
		};
		133065BD244F844F00A25D5C /* LaunchScreen.storyboard */ = {
			isa = PBXVariantGroup;
			children = (
				133065BE244F844F00A25D5C /* Base */,
			);
			name = LaunchScreen.storyboard;
			sourceTree = "<group>";
		};
/* End PBXVariantGroup section */

/* Begin XCBuildConfiguration section */
		133065C1244F844F00A25D5C /* Debug */ = {
			isa = XCBuildConfiguration;
			buildSettings = {
				ALWAYS_SEARCH_USER_PATHS = NO;
				CLANG_ANALYZER_NONNULL = YES;
				CLANG_ANALYZER_NUMBER_OBJECT_CONVERSION = YES_AGGRESSIVE;
				CLANG_CXX_LANGUAGE_STANDARD = "gnu++14";
				CLANG_CXX_LIBRARY = "libc++";
				CLANG_ENABLE_MODULES = YES;
				CLANG_ENABLE_OBJC_ARC = YES;
				CLANG_ENABLE_OBJC_WEAK = YES;
				CLANG_WARN_BLOCK_CAPTURE_AUTORELEASING = YES;
				CLANG_WARN_BOOL_CONVERSION = YES;
				CLANG_WARN_COMMA = YES;
				CLANG_WARN_CONSTANT_CONVERSION = YES;
				CLANG_WARN_DEPRECATED_OBJC_IMPLEMENTATIONS = YES;
				CLANG_WARN_DIRECT_OBJC_ISA_USAGE = YES_ERROR;
				CLANG_WARN_DOCUMENTATION_COMMENTS = YES;
				CLANG_WARN_EMPTY_BODY = YES;
				CLANG_WARN_ENUM_CONVERSION = YES;
				CLANG_WARN_INFINITE_RECURSION = YES;
				CLANG_WARN_INT_CONVERSION = YES;
				CLANG_WARN_NON_LITERAL_NULL_CONVERSION = YES;
				CLANG_WARN_OBJC_IMPLICIT_RETAIN_SELF = YES;
				CLANG_WARN_OBJC_LITERAL_CONVERSION = YES;
				CLANG_WARN_OBJC_ROOT_CLASS = YES_ERROR;
				CLANG_WARN_RANGE_LOOP_ANALYSIS = YES;
				CLANG_WARN_STRICT_PROTOTYPES = YES;
				CLANG_WARN_SUSPICIOUS_MOVE = YES;
				CLANG_WARN_UNGUARDED_AVAILABILITY = YES_AGGRESSIVE;
				CLANG_WARN_UNREACHABLE_CODE = YES;
				CLANG_WARN__DUPLICATE_METHOD_MATCH = YES;
				COPY_PHASE_STRIP = NO;
				DEBUG_INFORMATION_FORMAT = dwarf;
				ENABLE_STRICT_OBJC_MSGSEND = YES;
				ENABLE_TESTABILITY = YES;
				GCC_C_LANGUAGE_STANDARD = gnu11;
				GCC_DYNAMIC_NO_PIC = NO;
				GCC_NO_COMMON_BLOCKS = YES;
				GCC_OPTIMIZATION_LEVEL = 0;
				GCC_PREPROCESSOR_DEFINITIONS = (
					"DEBUG=1",
					"$(inherited)",
				);
				GCC_WARN_64_TO_32_BIT_CONVERSION = YES;
				GCC_WARN_ABOUT_RETURN_TYPE = YES_ERROR;
				GCC_WARN_UNDECLARED_SELECTOR = YES;
				GCC_WARN_UNINITIALIZED_AUTOS = YES_AGGRESSIVE;
				GCC_WARN_UNUSED_FUNCTION = YES;
				GCC_WARN_UNUSED_VARIABLE = YES;
				IPHONEOS_DEPLOYMENT_TARGET = 13.4;
				MTL_ENABLE_DEBUG_INFO = INCLUDE_SOURCE;
				MTL_FAST_MATH = YES;
				ONLY_ACTIVE_ARCH = YES;
				SDKROOT = iphoneos;
				SWIFT_ACTIVE_COMPILATION_CONDITIONS = DEBUG;
				SWIFT_OPTIMIZATION_LEVEL = "-Onone";
			};
			name = Debug;
		};
		133065C2244F844F00A25D5C /* Release */ = {
			isa = XCBuildConfiguration;
			buildSettings = {
				ALWAYS_SEARCH_USER_PATHS = NO;
				CLANG_ANALYZER_NONNULL = YES;
				CLANG_ANALYZER_NUMBER_OBJECT_CONVERSION = YES_AGGRESSIVE;
				CLANG_CXX_LANGUAGE_STANDARD = "gnu++14";
				CLANG_CXX_LIBRARY = "libc++";
				CLANG_ENABLE_MODULES = YES;
				CLANG_ENABLE_OBJC_ARC = YES;
				CLANG_ENABLE_OBJC_WEAK = YES;
				CLANG_WARN_BLOCK_CAPTURE_AUTORELEASING = YES;
				CLANG_WARN_BOOL_CONVERSION = YES;
				CLANG_WARN_COMMA = YES;
				CLANG_WARN_CONSTANT_CONVERSION = YES;
				CLANG_WARN_DEPRECATED_OBJC_IMPLEMENTATIONS = YES;
				CLANG_WARN_DIRECT_OBJC_ISA_USAGE = YES_ERROR;
				CLANG_WARN_DOCUMENTATION_COMMENTS = YES;
				CLANG_WARN_EMPTY_BODY = YES;
				CLANG_WARN_ENUM_CONVERSION = YES;
				CLANG_WARN_INFINITE_RECURSION = YES;
				CLANG_WARN_INT_CONVERSION = YES;
				CLANG_WARN_NON_LITERAL_NULL_CONVERSION = YES;
				CLANG_WARN_OBJC_IMPLICIT_RETAIN_SELF = YES;
				CLANG_WARN_OBJC_LITERAL_CONVERSION = YES;
				CLANG_WARN_OBJC_ROOT_CLASS = YES_ERROR;
				CLANG_WARN_RANGE_LOOP_ANALYSIS = YES;
				CLANG_WARN_STRICT_PROTOTYPES = YES;
				CLANG_WARN_SUSPICIOUS_MOVE = YES;
				CLANG_WARN_UNGUARDED_AVAILABILITY = YES_AGGRESSIVE;
				CLANG_WARN_UNREACHABLE_CODE = YES;
				CLANG_WARN__DUPLICATE_METHOD_MATCH = YES;
				COPY_PHASE_STRIP = NO;
				DEBUG_INFORMATION_FORMAT = "dwarf-with-dsym";
				ENABLE_NS_ASSERTIONS = NO;
				ENABLE_STRICT_OBJC_MSGSEND = YES;
				GCC_C_LANGUAGE_STANDARD = gnu11;
				GCC_NO_COMMON_BLOCKS = YES;
				GCC_WARN_64_TO_32_BIT_CONVERSION = YES;
				GCC_WARN_ABOUT_RETURN_TYPE = YES_ERROR;
				GCC_WARN_UNDECLARED_SELECTOR = YES;
				GCC_WARN_UNINITIALIZED_AUTOS = YES_AGGRESSIVE;
				GCC_WARN_UNUSED_FUNCTION = YES;
				GCC_WARN_UNUSED_VARIABLE = YES;
				IPHONEOS_DEPLOYMENT_TARGET = 13.4;
				MTL_ENABLE_DEBUG_INFO = NO;
				MTL_FAST_MATH = YES;
				SDKROOT = iphoneos;
				SWIFT_COMPILATION_MODE = wholemodule;
				SWIFT_OPTIMIZATION_LEVEL = "-O";
				VALIDATE_PRODUCT = YES;
			};
			name = Release;
		};
		133065C4244F844F00A25D5C /* Debug */ = {
			isa = XCBuildConfiguration;
			baseConfigurationReference = 722EC184EC8F56FE14FFE763 /* Pods-Firebase Chat.debug.xcconfig */;
			buildSettings = {
				ASSETCATALOG_COMPILER_APPICON_NAME = AppIcon;
				CODE_SIGN_STYLE = Automatic;
				DEVELOPMENT_TEAM = 8TUR2W3V73;
				INFOPLIST_FILE = "Firebase Chat/Info.plist";
				LD_RUNPATH_SEARCH_PATHS = (
					"$(inherited)",
					"@executable_path/Frameworks",
				);
				PRODUCT_BUNDLE_IDENTIFIER = "com.wyattharrell.Firebase-Chat";
				PRODUCT_NAME = "$(TARGET_NAME)";
				SWIFT_VERSION = 5.0;
				TARGETED_DEVICE_FAMILY = "1,2";
			};
			name = Debug;
		};
		133065C5244F844F00A25D5C /* Release */ = {
			isa = XCBuildConfiguration;
			baseConfigurationReference = EE91F9233F872FC38196B60C /* Pods-Firebase Chat.release.xcconfig */;
			buildSettings = {
				ASSETCATALOG_COMPILER_APPICON_NAME = AppIcon;
				CODE_SIGN_STYLE = Automatic;
				DEVELOPMENT_TEAM = 8TUR2W3V73;
				INFOPLIST_FILE = "Firebase Chat/Info.plist";
				LD_RUNPATH_SEARCH_PATHS = (
					"$(inherited)",
					"@executable_path/Frameworks",
				);
				PRODUCT_BUNDLE_IDENTIFIER = "com.wyattharrell.Firebase-Chat";
				PRODUCT_NAME = "$(TARGET_NAME)";
				SWIFT_VERSION = 5.0;
				TARGETED_DEVICE_FAMILY = "1,2";
			};
			name = Release;
		};
/* End XCBuildConfiguration section */

/* Begin XCConfigurationList section */
		133065AA244F844D00A25D5C /* Build configuration list for PBXProject "Firebase Chat" */ = {
			isa = XCConfigurationList;
			buildConfigurations = (
				133065C1244F844F00A25D5C /* Debug */,
				133065C2244F844F00A25D5C /* Release */,
			);
			defaultConfigurationIsVisible = 0;
			defaultConfigurationName = Release;
		};
		133065C3244F844F00A25D5C /* Build configuration list for PBXNativeTarget "Firebase Chat" */ = {
			isa = XCConfigurationList;
			buildConfigurations = (
				133065C4244F844F00A25D5C /* Debug */,
				133065C5244F844F00A25D5C /* Release */,
			);
			defaultConfigurationIsVisible = 0;
			defaultConfigurationName = Release;
		};
/* End XCConfigurationList section */
	};
	rootObject = 133065A7244F844D00A25D5C /* Project object */;
}
