// !$*UTF8*$!
{
	archiveVersion = 1;
	classes = {
	};
	objectVersion = 50;
	objects = {

/* Begin PBXBuildFile section */
		18B404CAF0C32CDFFC62509B /* Pods_FirebaseChat_FirebaseChatUITests.framework in Frameworks */ = {isa = PBXBuildFile; fileRef = EEB1391F88F93D3DF91A38CC /* Pods_FirebaseChat_FirebaseChatUITests.framework */; };
		19EBC0B5526A0E81D903B04A /* Pods_FirebaseChatTests.framework in Frameworks */ = {isa = PBXBuildFile; fileRef = 39FF32788508B68017E88936 /* Pods_FirebaseChatTests.framework */; };
		76CE6191A0629B3DC931D636 /* Pods_FirebaseChat.framework in Frameworks */ = {isa = PBXBuildFile; fileRef = 5089D2767D8615562F927B3A /* Pods_FirebaseChat.framework */; };
		E2695E18244F82A60089E9B9 /* AppDelegate.swift in Sources */ = {isa = PBXBuildFile; fileRef = E2695E17244F82A60089E9B9 /* AppDelegate.swift */; };
		E2695E1A244F82A60089E9B9 /* SceneDelegate.swift in Sources */ = {isa = PBXBuildFile; fileRef = E2695E19244F82A60089E9B9 /* SceneDelegate.swift */; };
		E2695E1C244F82A60089E9B9 /* ViewController.swift in Sources */ = {isa = PBXBuildFile; fileRef = E2695E1B244F82A60089E9B9 /* ViewController.swift */; };
		E2695E1F244F82A60089E9B9 /* Main.storyboard in Resources */ = {isa = PBXBuildFile; fileRef = E2695E1D244F82A60089E9B9 /* Main.storyboard */; };
		E2695E21244F82A80089E9B9 /* Assets.xcassets in Resources */ = {isa = PBXBuildFile; fileRef = E2695E20244F82A80089E9B9 /* Assets.xcassets */; };
		E2695E24244F82A80089E9B9 /* LaunchScreen.storyboard in Resources */ = {isa = PBXBuildFile; fileRef = E2695E22244F82A80089E9B9 /* LaunchScreen.storyboard */; };
		E2695E2F244F82A80089E9B9 /* FirebaseChatTests.swift in Sources */ = {isa = PBXBuildFile; fileRef = E2695E2E244F82A80089E9B9 /* FirebaseChatTests.swift */; };
		E2695E3A244F82A90089E9B9 /* FirebaseChatUITests.swift in Sources */ = {isa = PBXBuildFile; fileRef = E2695E39244F82A90089E9B9 /* FirebaseChatUITests.swift */; };
		E2695E4A244F889E0089E9B9 /* GoogleService-Info.plist in Resources */ = {isa = PBXBuildFile; fileRef = E2695E49244F889E0089E9B9 /* GoogleService-Info.plist */; };
/* End PBXBuildFile section */

/* Begin PBXContainerItemProxy section */
		E2695E2B244F82A80089E9B9 /* PBXContainerItemProxy */ = {
			isa = PBXContainerItemProxy;
			containerPortal = E2695E0C244F82A60089E9B9 /* Project object */;
			proxyType = 1;
			remoteGlobalIDString = E2695E13244F82A60089E9B9;
			remoteInfo = FirebaseChat;
		};
		E2695E36244F82A90089E9B9 /* PBXContainerItemProxy */ = {
			isa = PBXContainerItemProxy;
			containerPortal = E2695E0C244F82A60089E9B9 /* Project object */;
			proxyType = 1;
			remoteGlobalIDString = E2695E13244F82A60089E9B9;
			remoteInfo = FirebaseChat;
		};
/* End PBXContainerItemProxy section */

/* Begin PBXFileReference section */
		39FF32788508B68017E88936 /* Pods_FirebaseChatTests.framework */ = {isa = PBXFileReference; explicitFileType = wrapper.framework; includeInIndex = 0; path = Pods_FirebaseChatTests.framework; sourceTree = BUILT_PRODUCTS_DIR; };
		3C0EFB72E30799C5C4E27EE1 /* Pods-FirebaseChat-FirebaseChatUITests.release.xcconfig */ = {isa = PBXFileReference; includeInIndex = 1; lastKnownFileType = text.xcconfig; name = "Pods-FirebaseChat-FirebaseChatUITests.release.xcconfig"; path = "Target Support Files/Pods-FirebaseChat-FirebaseChatUITests/Pods-FirebaseChat-FirebaseChatUITests.release.xcconfig"; sourceTree = "<group>"; };
		5089D2767D8615562F927B3A /* Pods_FirebaseChat.framework */ = {isa = PBXFileReference; explicitFileType = wrapper.framework; includeInIndex = 0; path = Pods_FirebaseChat.framework; sourceTree = BUILT_PRODUCTS_DIR; };
		5EA2F56BEC5B0C97608FB0E7 /* Pods-FirebaseChat.release.xcconfig */ = {isa = PBXFileReference; includeInIndex = 1; lastKnownFileType = text.xcconfig; name = "Pods-FirebaseChat.release.xcconfig"; path = "Target Support Files/Pods-FirebaseChat/Pods-FirebaseChat.release.xcconfig"; sourceTree = "<group>"; };
		72AF8702B29C163678C0D3EC /* Pods-FirebaseChatTests.debug.xcconfig */ = {isa = PBXFileReference; includeInIndex = 1; lastKnownFileType = text.xcconfig; name = "Pods-FirebaseChatTests.debug.xcconfig"; path = "Target Support Files/Pods-FirebaseChatTests/Pods-FirebaseChatTests.debug.xcconfig"; sourceTree = "<group>"; };
		C734B846623A2E98632D51A6 /* Pods-FirebaseChat-FirebaseChatUITests.debug.xcconfig */ = {isa = PBXFileReference; includeInIndex = 1; lastKnownFileType = text.xcconfig; name = "Pods-FirebaseChat-FirebaseChatUITests.debug.xcconfig"; path = "Target Support Files/Pods-FirebaseChat-FirebaseChatUITests/Pods-FirebaseChat-FirebaseChatUITests.debug.xcconfig"; sourceTree = "<group>"; };
		D116CC3C72874D95A4067EDE /* Pods-FirebaseChat.debug.xcconfig */ = {isa = PBXFileReference; includeInIndex = 1; lastKnownFileType = text.xcconfig; name = "Pods-FirebaseChat.debug.xcconfig"; path = "Target Support Files/Pods-FirebaseChat/Pods-FirebaseChat.debug.xcconfig"; sourceTree = "<group>"; };
		E2695E14244F82A60089E9B9 /* FirebaseChat.app */ = {isa = PBXFileReference; explicitFileType = wrapper.application; includeInIndex = 0; path = FirebaseChat.app; sourceTree = BUILT_PRODUCTS_DIR; };
		E2695E17244F82A60089E9B9 /* AppDelegate.swift */ = {isa = PBXFileReference; lastKnownFileType = sourcecode.swift; path = AppDelegate.swift; sourceTree = "<group>"; };
		E2695E19244F82A60089E9B9 /* SceneDelegate.swift */ = {isa = PBXFileReference; lastKnownFileType = sourcecode.swift; path = SceneDelegate.swift; sourceTree = "<group>"; };
		E2695E1B244F82A60089E9B9 /* ViewController.swift */ = {isa = PBXFileReference; lastKnownFileType = sourcecode.swift; path = ViewController.swift; sourceTree = "<group>"; };
		E2695E1E244F82A60089E9B9 /* Base */ = {isa = PBXFileReference; lastKnownFileType = file.storyboard; name = Base; path = Base.lproj/Main.storyboard; sourceTree = "<group>"; };
		E2695E20244F82A80089E9B9 /* Assets.xcassets */ = {isa = PBXFileReference; lastKnownFileType = folder.assetcatalog; path = Assets.xcassets; sourceTree = "<group>"; };
		E2695E23244F82A80089E9B9 /* Base */ = {isa = PBXFileReference; lastKnownFileType = file.storyboard; name = Base; path = Base.lproj/LaunchScreen.storyboard; sourceTree = "<group>"; };
		E2695E25244F82A80089E9B9 /* Info.plist */ = {isa = PBXFileReference; lastKnownFileType = text.plist.xml; path = Info.plist; sourceTree = "<group>"; };
		E2695E2A244F82A80089E9B9 /* FirebaseChatTests.xctest */ = {isa = PBXFileReference; explicitFileType = wrapper.cfbundle; includeInIndex = 0; path = FirebaseChatTests.xctest; sourceTree = BUILT_PRODUCTS_DIR; };
		E2695E2E244F82A80089E9B9 /* FirebaseChatTests.swift */ = {isa = PBXFileReference; lastKnownFileType = sourcecode.swift; path = FirebaseChatTests.swift; sourceTree = "<group>"; };
		E2695E30244F82A80089E9B9 /* Info.plist */ = {isa = PBXFileReference; lastKnownFileType = text.plist.xml; path = Info.plist; sourceTree = "<group>"; };
		E2695E35244F82A90089E9B9 /* FirebaseChatUITests.xctest */ = {isa = PBXFileReference; explicitFileType = wrapper.cfbundle; includeInIndex = 0; path = FirebaseChatUITests.xctest; sourceTree = BUILT_PRODUCTS_DIR; };
		E2695E39244F82A90089E9B9 /* FirebaseChatUITests.swift */ = {isa = PBXFileReference; lastKnownFileType = sourcecode.swift; path = FirebaseChatUITests.swift; sourceTree = "<group>"; };
		E2695E3B244F82A90089E9B9 /* Info.plist */ = {isa = PBXFileReference; lastKnownFileType = text.plist.xml; path = Info.plist; sourceTree = "<group>"; };
		E2695E49244F889E0089E9B9 /* GoogleService-Info.plist */ = {isa = PBXFileReference; fileEncoding = 4; lastKnownFileType = text.plist.xml; path = "GoogleService-Info.plist"; sourceTree = "<group>"; };
		E87F1A91E379549E5CB3E34F /* Pods-FirebaseChatTests.release.xcconfig */ = {isa = PBXFileReference; includeInIndex = 1; lastKnownFileType = text.xcconfig; name = "Pods-FirebaseChatTests.release.xcconfig"; path = "Target Support Files/Pods-FirebaseChatTests/Pods-FirebaseChatTests.release.xcconfig"; sourceTree = "<group>"; };
		EEB1391F88F93D3DF91A38CC /* Pods_FirebaseChat_FirebaseChatUITests.framework */ = {isa = PBXFileReference; explicitFileType = wrapper.framework; includeInIndex = 0; path = Pods_FirebaseChat_FirebaseChatUITests.framework; sourceTree = BUILT_PRODUCTS_DIR; };
/* End PBXFileReference section */

/* Begin PBXFrameworksBuildPhase section */
		E2695E11244F82A60089E9B9 /* Frameworks */ = {
			isa = PBXFrameworksBuildPhase;
			buildActionMask = 2147483647;
			files = (
				76CE6191A0629B3DC931D636 /* Pods_FirebaseChat.framework in Frameworks */,
			);
			runOnlyForDeploymentPostprocessing = 0;
		};
		E2695E27244F82A80089E9B9 /* Frameworks */ = {
			isa = PBXFrameworksBuildPhase;
			buildActionMask = 2147483647;
			files = (
				19EBC0B5526A0E81D903B04A /* Pods_FirebaseChatTests.framework in Frameworks */,
			);
			runOnlyForDeploymentPostprocessing = 0;
		};
		E2695E32244F82A90089E9B9 /* Frameworks */ = {
			isa = PBXFrameworksBuildPhase;
			buildActionMask = 2147483647;
			files = (
				18B404CAF0C32CDFFC62509B /* Pods_FirebaseChat_FirebaseChatUITests.framework in Frameworks */,
			);
			runOnlyForDeploymentPostprocessing = 0;
		};
/* End PBXFrameworksBuildPhase section */

/* Begin PBXGroup section */
		69992AC36D41C7EC8F660848 /* Pods */ = {
			isa = PBXGroup;
			children = (
				D116CC3C72874D95A4067EDE /* Pods-FirebaseChat.debug.xcconfig */,
				5EA2F56BEC5B0C97608FB0E7 /* Pods-FirebaseChat.release.xcconfig */,
				C734B846623A2E98632D51A6 /* Pods-FirebaseChat-FirebaseChatUITests.debug.xcconfig */,
				3C0EFB72E30799C5C4E27EE1 /* Pods-FirebaseChat-FirebaseChatUITests.release.xcconfig */,
				72AF8702B29C163678C0D3EC /* Pods-FirebaseChatTests.debug.xcconfig */,
				E87F1A91E379549E5CB3E34F /* Pods-FirebaseChatTests.release.xcconfig */,
			);
			name = Pods;
			path = Pods;
			sourceTree = "<group>";
		};
		E2695E0B244F82A60089E9B9 = {
			isa = PBXGroup;
			children = (
				E2695E16244F82A60089E9B9 /* FirebaseChat */,
				E2695E2D244F82A80089E9B9 /* FirebaseChatTests */,
				E2695E38244F82A90089E9B9 /* FirebaseChatUITests */,
				E2695E15244F82A60089E9B9 /* Products */,
				69992AC36D41C7EC8F660848 /* Pods */,
				FF9427F42C356FCC8773AEE5 /* Frameworks */,
			);
			sourceTree = "<group>";
		};
		E2695E15244F82A60089E9B9 /* Products */ = {
			isa = PBXGroup;
			children = (
				E2695E14244F82A60089E9B9 /* FirebaseChat.app */,
				E2695E2A244F82A80089E9B9 /* FirebaseChatTests.xctest */,
				E2695E35244F82A90089E9B9 /* FirebaseChatUITests.xctest */,
			);
			name = Products;
			sourceTree = "<group>";
		};
		E2695E16244F82A60089E9B9 /* FirebaseChat */ = {
			isa = PBXGroup;
			children = (
				E2695E1B244F82A60089E9B9 /* ViewController.swift */,
				E2695E48244F83500089E9B9 /* Views */,
				E2695E47244F83350089E9B9 /* Resources */,
				E2695E25244F82A80089E9B9 /* Info.plist */,
				E2695E49244F889E0089E9B9 /* GoogleService-Info.plist */,
			);
			path = FirebaseChat;
			sourceTree = "<group>";
		};
		E2695E2D244F82A80089E9B9 /* FirebaseChatTests */ = {
			isa = PBXGroup;
			children = (
				E2695E2E244F82A80089E9B9 /* FirebaseChatTests.swift */,
				E2695E30244F82A80089E9B9 /* Info.plist */,
			);
			path = FirebaseChatTests;
			sourceTree = "<group>";
		};
		E2695E38244F82A90089E9B9 /* FirebaseChatUITests */ = {
			isa = PBXGroup;
			children = (
				E2695E39244F82A90089E9B9 /* FirebaseChatUITests.swift */,
				E2695E3B244F82A90089E9B9 /* Info.plist */,
			);
			path = FirebaseChatUITests;
			sourceTree = "<group>";
		};
		E2695E47244F83350089E9B9 /* Resources */ = {
			isa = PBXGroup;
			children = (
				E2695E17244F82A60089E9B9 /* AppDelegate.swift */,
				E2695E19244F82A60089E9B9 /* SceneDelegate.swift */,
				E2695E20244F82A80089E9B9 /* Assets.xcassets */,
				E2695E22244F82A80089E9B9 /* LaunchScreen.storyboard */,
			);
			path = Resources;
			sourceTree = "<group>";
		};
		E2695E48244F83500089E9B9 /* Views */ = {
			isa = PBXGroup;
			children = (
				E2695E1D244F82A60089E9B9 /* Main.storyboard */,
			);
			path = Views;
			sourceTree = "<group>";
		};
		FF9427F42C356FCC8773AEE5 /* Frameworks */ = {
			isa = PBXGroup;
			children = (
				5089D2767D8615562F927B3A /* Pods_FirebaseChat.framework */,
				EEB1391F88F93D3DF91A38CC /* Pods_FirebaseChat_FirebaseChatUITests.framework */,
				39FF32788508B68017E88936 /* Pods_FirebaseChatTests.framework */,
			);
			name = Frameworks;
			sourceTree = "<group>";
		};
/* End PBXGroup section */

/* Begin PBXNativeTarget section */
		E2695E13244F82A60089E9B9 /* FirebaseChat */ = {
			isa = PBXNativeTarget;
			buildConfigurationList = E2695E3E244F82A90089E9B9 /* Build configuration list for PBXNativeTarget "FirebaseChat" */;
			buildPhases = (
				5FA1CBB8DD27E53F7C620E8E /* [CP] Check Pods Manifest.lock */,
				E2695E10244F82A60089E9B9 /* Sources */,
				E2695E11244F82A60089E9B9 /* Frameworks */,
				E2695E12244F82A60089E9B9 /* Resources */,
			);
			buildRules = (
			);
			dependencies = (
			);
			name = FirebaseChat;
			productName = FirebaseChat;
			productReference = E2695E14244F82A60089E9B9 /* FirebaseChat.app */;
			productType = "com.apple.product-type.application";
		};
		E2695E29244F82A80089E9B9 /* FirebaseChatTests */ = {
			isa = PBXNativeTarget;
			buildConfigurationList = E2695E41244F82A90089E9B9 /* Build configuration list for PBXNativeTarget "FirebaseChatTests" */;
			buildPhases = (
				A4CF169A46D1F82B327A0F23 /* [CP] Check Pods Manifest.lock */,
				E2695E26244F82A80089E9B9 /* Sources */,
				E2695E27244F82A80089E9B9 /* Frameworks */,
				E2695E28244F82A80089E9B9 /* Resources */,
			);
			buildRules = (
			);
			dependencies = (
				E2695E2C244F82A80089E9B9 /* PBXTargetDependency */,
			);
			name = FirebaseChatTests;
			productName = FirebaseChatTests;
			productReference = E2695E2A244F82A80089E9B9 /* FirebaseChatTests.xctest */;
			productType = "com.apple.product-type.bundle.unit-test";
		};
		E2695E34244F82A90089E9B9 /* FirebaseChatUITests */ = {
			isa = PBXNativeTarget;
			buildConfigurationList = E2695E44244F82A90089E9B9 /* Build configuration list for PBXNativeTarget "FirebaseChatUITests" */;
			buildPhases = (
				B639D5FEB6D89A92DA77F108 /* [CP] Check Pods Manifest.lock */,
				E2695E31244F82A90089E9B9 /* Sources */,
				E2695E32244F82A90089E9B9 /* Frameworks */,
				E2695E33244F82A90089E9B9 /* Resources */,
			);
			buildRules = (
			);
			dependencies = (
				E2695E37244F82A90089E9B9 /* PBXTargetDependency */,
			);
			name = FirebaseChatUITests;
			productName = FirebaseChatUITests;
			productReference = E2695E35244F82A90089E9B9 /* FirebaseChatUITests.xctest */;
			productType = "com.apple.product-type.bundle.ui-testing";
		};
/* End PBXNativeTarget section */

/* Begin PBXProject section */
		E2695E0C244F82A60089E9B9 /* Project object */ = {
			isa = PBXProject;
			attributes = {
				LastSwiftUpdateCheck = 1140;
				LastUpgradeCheck = 1140;
				ORGANIZATIONNAME = "Christopher Devito";
				TargetAttributes = {
					E2695E13244F82A60089E9B9 = {
						CreatedOnToolsVersion = 11.4.1;
					};
					E2695E29244F82A80089E9B9 = {
						CreatedOnToolsVersion = 11.4.1;
						TestTargetID = E2695E13244F82A60089E9B9;
					};
					E2695E34244F82A90089E9B9 = {
						CreatedOnToolsVersion = 11.4.1;
						TestTargetID = E2695E13244F82A60089E9B9;
					};
				};
			};
			buildConfigurationList = E2695E0F244F82A60089E9B9 /* Build configuration list for PBXProject "FirebaseChat" */;
			compatibilityVersion = "Xcode 9.3";
			developmentRegion = en;
			hasScannedForEncodings = 0;
			knownRegions = (
				en,
				Base,
			);
			mainGroup = E2695E0B244F82A60089E9B9;
			productRefGroup = E2695E15244F82A60089E9B9 /* Products */;
			projectDirPath = "";
			projectRoot = "";
			targets = (
				E2695E13244F82A60089E9B9 /* FirebaseChat */,
				E2695E29244F82A80089E9B9 /* FirebaseChatTests */,
				E2695E34244F82A90089E9B9 /* FirebaseChatUITests */,
			);
		};
/* End PBXProject section */

/* Begin PBXResourcesBuildPhase section */
		E2695E12244F82A60089E9B9 /* Resources */ = {
			isa = PBXResourcesBuildPhase;
			buildActionMask = 2147483647;
			files = (
				E2695E24244F82A80089E9B9 /* LaunchScreen.storyboard in Resources */,
				E2695E4A244F889E0089E9B9 /* GoogleService-Info.plist in Resources */,
				E2695E21244F82A80089E9B9 /* Assets.xcassets in Resources */,
				E2695E1F244F82A60089E9B9 /* Main.storyboard in Resources */,
			);
			runOnlyForDeploymentPostprocessing = 0;
		};
		E2695E28244F82A80089E9B9 /* Resources */ = {
			isa = PBXResourcesBuildPhase;
			buildActionMask = 2147483647;
			files = (
			);
			runOnlyForDeploymentPostprocessing = 0;
		};
		E2695E33244F82A90089E9B9 /* Resources */ = {
			isa = PBXResourcesBuildPhase;
			buildActionMask = 2147483647;
			files = (
			);
			runOnlyForDeploymentPostprocessing = 0;
		};
/* End PBXResourcesBuildPhase section */

/* Begin PBXShellScriptBuildPhase section */
		5FA1CBB8DD27E53F7C620E8E /* [CP] Check Pods Manifest.lock */ = {
			isa = PBXShellScriptBuildPhase;
			buildActionMask = 2147483647;
			files = (
			);
			inputFileListPaths = (
			);
			inputPaths = (
				"${PODS_PODFILE_DIR_PATH}/Podfile.lock",
				"${PODS_ROOT}/Manifest.lock",
			);
			name = "[CP] Check Pods Manifest.lock";
			outputFileListPaths = (
			);
			outputPaths = (
				"$(DERIVED_FILE_DIR)/Pods-FirebaseChat-checkManifestLockResult.txt",
			);
			runOnlyForDeploymentPostprocessing = 0;
			shellPath = /bin/sh;
			shellScript = "diff \"${PODS_PODFILE_DIR_PATH}/Podfile.lock\" \"${PODS_ROOT}/Manifest.lock\" > /dev/null\nif [ $? != 0 ] ; then\n    # print error to STDERR\n    echo \"error: The sandbox is not in sync with the Podfile.lock. Run 'pod install' or update your CocoaPods installation.\" >&2\n    exit 1\nfi\n# This output is used by Xcode 'outputs' to avoid re-running this script phase.\necho \"SUCCESS\" > \"${SCRIPT_OUTPUT_FILE_0}\"\n";
			showEnvVarsInLog = 0;
		};
		A4CF169A46D1F82B327A0F23 /* [CP] Check Pods Manifest.lock */ = {
			isa = PBXShellScriptBuildPhase;
			buildActionMask = 2147483647;
			files = (
			);
			inputFileListPaths = (
			);
			inputPaths = (
				"${PODS_PODFILE_DIR_PATH}/Podfile.lock",
				"${PODS_ROOT}/Manifest.lock",
			);
			name = "[CP] Check Pods Manifest.lock";
			outputFileListPaths = (
			);
			outputPaths = (
				"$(DERIVED_FILE_DIR)/Pods-FirebaseChatTests-checkManifestLockResult.txt",
			);
			runOnlyForDeploymentPostprocessing = 0;
			shellPath = /bin/sh;
			shellScript = "diff \"${PODS_PODFILE_DIR_PATH}/Podfile.lock\" \"${PODS_ROOT}/Manifest.lock\" > /dev/null\nif [ $? != 0 ] ; then\n    # print error to STDERR\n    echo \"error: The sandbox is not in sync with the Podfile.lock. Run 'pod install' or update your CocoaPods installation.\" >&2\n    exit 1\nfi\n# This output is used by Xcode 'outputs' to avoid re-running this script phase.\necho \"SUCCESS\" > \"${SCRIPT_OUTPUT_FILE_0}\"\n";
			showEnvVarsInLog = 0;
		};
		B639D5FEB6D89A92DA77F108 /* [CP] Check Pods Manifest.lock */ = {
			isa = PBXShellScriptBuildPhase;
			buildActionMask = 2147483647;
			files = (
			);
			inputFileListPaths = (
			);
			inputPaths = (
				"${PODS_PODFILE_DIR_PATH}/Podfile.lock",
				"${PODS_ROOT}/Manifest.lock",
			);
			name = "[CP] Check Pods Manifest.lock";
			outputFileListPaths = (
			);
			outputPaths = (
				"$(DERIVED_FILE_DIR)/Pods-FirebaseChat-FirebaseChatUITests-checkManifestLockResult.txt",
			);
			runOnlyForDeploymentPostprocessing = 0;
			shellPath = /bin/sh;
			shellScript = "diff \"${PODS_PODFILE_DIR_PATH}/Podfile.lock\" \"${PODS_ROOT}/Manifest.lock\" > /dev/null\nif [ $? != 0 ] ; then\n    # print error to STDERR\n    echo \"error: The sandbox is not in sync with the Podfile.lock. Run 'pod install' or update your CocoaPods installation.\" >&2\n    exit 1\nfi\n# This output is used by Xcode 'outputs' to avoid re-running this script phase.\necho \"SUCCESS\" > \"${SCRIPT_OUTPUT_FILE_0}\"\n";
			showEnvVarsInLog = 0;
		};
/* End PBXShellScriptBuildPhase section */

/* Begin PBXSourcesBuildPhase section */
		E2695E10244F82A60089E9B9 /* Sources */ = {
			isa = PBXSourcesBuildPhase;
			buildActionMask = 2147483647;
			files = (
				E2695E1C244F82A60089E9B9 /* ViewController.swift in Sources */,
				E2695E18244F82A60089E9B9 /* AppDelegate.swift in Sources */,
				E2695E1A244F82A60089E9B9 /* SceneDelegate.swift in Sources */,
			);
			runOnlyForDeploymentPostprocessing = 0;
		};
		E2695E26244F82A80089E9B9 /* Sources */ = {
			isa = PBXSourcesBuildPhase;
			buildActionMask = 2147483647;
			files = (
				E2695E2F244F82A80089E9B9 /* FirebaseChatTests.swift in Sources */,
			);
			runOnlyForDeploymentPostprocessing = 0;
		};
		E2695E31244F82A90089E9B9 /* Sources */ = {
			isa = PBXSourcesBuildPhase;
			buildActionMask = 2147483647;
			files = (
				E2695E3A244F82A90089E9B9 /* FirebaseChatUITests.swift in Sources */,
			);
			runOnlyForDeploymentPostprocessing = 0;
		};
/* End PBXSourcesBuildPhase section */

/* Begin PBXTargetDependency section */
		E2695E2C244F82A80089E9B9 /* PBXTargetDependency */ = {
			isa = PBXTargetDependency;
			target = E2695E13244F82A60089E9B9 /* FirebaseChat */;
			targetProxy = E2695E2B244F82A80089E9B9 /* PBXContainerItemProxy */;
		};
		E2695E37244F82A90089E9B9 /* PBXTargetDependency */ = {
			isa = PBXTargetDependency;
			target = E2695E13244F82A60089E9B9 /* FirebaseChat */;
			targetProxy = E2695E36244F82A90089E9B9 /* PBXContainerItemProxy */;
		};
/* End PBXTargetDependency section */

/* Begin PBXVariantGroup section */
		E2695E1D244F82A60089E9B9 /* Main.storyboard */ = {
			isa = PBXVariantGroup;
			children = (
				E2695E1E244F82A60089E9B9 /* Base */,
			);
			name = Main.storyboard;
			sourceTree = "<group>";
		};
		E2695E22244F82A80089E9B9 /* LaunchScreen.storyboard */ = {
			isa = PBXVariantGroup;
			children = (
				E2695E23244F82A80089E9B9 /* Base */,
			);
			name = LaunchScreen.storyboard;
			sourceTree = "<group>";
		};
/* End PBXVariantGroup section */

/* Begin XCBuildConfiguration section */
		E2695E3C244F82A90089E9B9 /* Debug */ = {
			isa = XCBuildConfiguration;
			buildSettings = {
				ALWAYS_SEARCH_USER_PATHS = NO;
				CLANG_ANALYZER_NONNULL = YES;
				CLANG_ANALYZER_NUMBER_OBJECT_CONVERSION = YES_AGGRESSIVE;
				CLANG_CXX_LANGUAGE_STANDARD = "gnu++14";
				CLANG_CXX_LIBRARY = "libc++";
				CLANG_ENABLE_MODULES = YES;
				CLANG_ENABLE_OBJC_ARC = YES;
				CLANG_ENABLE_OBJC_WEAK = YES;
				CLANG_WARN_BLOCK_CAPTURE_AUTORELEASING = YES;
				CLANG_WARN_BOOL_CONVERSION = YES;
				CLANG_WARN_COMMA = YES;
				CLANG_WARN_CONSTANT_CONVERSION = YES;
				CLANG_WARN_DEPRECATED_OBJC_IMPLEMENTATIONS = YES;
				CLANG_WARN_DIRECT_OBJC_ISA_USAGE = YES_ERROR;
				CLANG_WARN_DOCUMENTATION_COMMENTS = YES;
				CLANG_WARN_EMPTY_BODY = YES;
				CLANG_WARN_ENUM_CONVERSION = YES;
				CLANG_WARN_INFINITE_RECURSION = YES;
				CLANG_WARN_INT_CONVERSION = YES;
				CLANG_WARN_NON_LITERAL_NULL_CONVERSION = YES;
				CLANG_WARN_OBJC_IMPLICIT_RETAIN_SELF = YES;
				CLANG_WARN_OBJC_LITERAL_CONVERSION = YES;
				CLANG_WARN_OBJC_ROOT_CLASS = YES_ERROR;
				CLANG_WARN_RANGE_LOOP_ANALYSIS = YES;
				CLANG_WARN_STRICT_PROTOTYPES = YES;
				CLANG_WARN_SUSPICIOUS_MOVE = YES;
				CLANG_WARN_UNGUARDED_AVAILABILITY = YES_AGGRESSIVE;
				CLANG_WARN_UNREACHABLE_CODE = YES;
				CLANG_WARN__DUPLICATE_METHOD_MATCH = YES;
				COPY_PHASE_STRIP = NO;
				DEBUG_INFORMATION_FORMAT = dwarf;
				ENABLE_STRICT_OBJC_MSGSEND = YES;
				ENABLE_TESTABILITY = YES;
				GCC_C_LANGUAGE_STANDARD = gnu11;
				GCC_DYNAMIC_NO_PIC = NO;
				GCC_NO_COMMON_BLOCKS = YES;
				GCC_OPTIMIZATION_LEVEL = 0;
				GCC_PREPROCESSOR_DEFINITIONS = (
					"DEBUG=1",
					"$(inherited)",
				);
				GCC_WARN_64_TO_32_BIT_CONVERSION = YES;
				GCC_WARN_ABOUT_RETURN_TYPE = YES_ERROR;
				GCC_WARN_UNDECLARED_SELECTOR = YES;
				GCC_WARN_UNINITIALIZED_AUTOS = YES_AGGRESSIVE;
				GCC_WARN_UNUSED_FUNCTION = YES;
				GCC_WARN_UNUSED_VARIABLE = YES;
				IPHONEOS_DEPLOYMENT_TARGET = 13.4;
				MTL_ENABLE_DEBUG_INFO = INCLUDE_SOURCE;
				MTL_FAST_MATH = YES;
				ONLY_ACTIVE_ARCH = YES;
				SDKROOT = iphoneos;
				SWIFT_ACTIVE_COMPILATION_CONDITIONS = DEBUG;
				SWIFT_OPTIMIZATION_LEVEL = "-Onone";
			};
			name = Debug;
		};
		E2695E3D244F82A90089E9B9 /* Release */ = {
			isa = XCBuildConfiguration;
			buildSettings = {
				ALWAYS_SEARCH_USER_PATHS = NO;
				CLANG_ANALYZER_NONNULL = YES;
				CLANG_ANALYZER_NUMBER_OBJECT_CONVERSION = YES_AGGRESSIVE;
				CLANG_CXX_LANGUAGE_STANDARD = "gnu++14";
				CLANG_CXX_LIBRARY = "libc++";
				CLANG_ENABLE_MODULES = YES;
				CLANG_ENABLE_OBJC_ARC = YES;
				CLANG_ENABLE_OBJC_WEAK = YES;
				CLANG_WARN_BLOCK_CAPTURE_AUTORELEASING = YES;
				CLANG_WARN_BOOL_CONVERSION = YES;
				CLANG_WARN_COMMA = YES;
				CLANG_WARN_CONSTANT_CONVERSION = YES;
				CLANG_WARN_DEPRECATED_OBJC_IMPLEMENTATIONS = YES;
				CLANG_WARN_DIRECT_OBJC_ISA_USAGE = YES_ERROR;
				CLANG_WARN_DOCUMENTATION_COMMENTS = YES;
				CLANG_WARN_EMPTY_BODY = YES;
				CLANG_WARN_ENUM_CONVERSION = YES;
				CLANG_WARN_INFINITE_RECURSION = YES;
				CLANG_WARN_INT_CONVERSION = YES;
				CLANG_WARN_NON_LITERAL_NULL_CONVERSION = YES;
				CLANG_WARN_OBJC_IMPLICIT_RETAIN_SELF = YES;
				CLANG_WARN_OBJC_LITERAL_CONVERSION = YES;
				CLANG_WARN_OBJC_ROOT_CLASS = YES_ERROR;
				CLANG_WARN_RANGE_LOOP_ANALYSIS = YES;
				CLANG_WARN_STRICT_PROTOTYPES = YES;
				CLANG_WARN_SUSPICIOUS_MOVE = YES;
				CLANG_WARN_UNGUARDED_AVAILABILITY = YES_AGGRESSIVE;
				CLANG_WARN_UNREACHABLE_CODE = YES;
				CLANG_WARN__DUPLICATE_METHOD_MATCH = YES;
				COPY_PHASE_STRIP = NO;
				DEBUG_INFORMATION_FORMAT = "dwarf-with-dsym";
				ENABLE_NS_ASSERTIONS = NO;
				ENABLE_STRICT_OBJC_MSGSEND = YES;
				GCC_C_LANGUAGE_STANDARD = gnu11;
				GCC_NO_COMMON_BLOCKS = YES;
				GCC_WARN_64_TO_32_BIT_CONVERSION = YES;
				GCC_WARN_ABOUT_RETURN_TYPE = YES_ERROR;
				GCC_WARN_UNDECLARED_SELECTOR = YES;
				GCC_WARN_UNINITIALIZED_AUTOS = YES_AGGRESSIVE;
				GCC_WARN_UNUSED_FUNCTION = YES;
				GCC_WARN_UNUSED_VARIABLE = YES;
				IPHONEOS_DEPLOYMENT_TARGET = 13.4;
				MTL_ENABLE_DEBUG_INFO = NO;
				MTL_FAST_MATH = YES;
				SDKROOT = iphoneos;
				SWIFT_COMPILATION_MODE = wholemodule;
				SWIFT_OPTIMIZATION_LEVEL = "-O";
				VALIDATE_PRODUCT = YES;
			};
			name = Release;
		};
		E2695E3F244F82A90089E9B9 /* Debug */ = {
			isa = XCBuildConfiguration;
			baseConfigurationReference = D116CC3C72874D95A4067EDE /* Pods-FirebaseChat.debug.xcconfig */;
			buildSettings = {
				ASSETCATALOG_COMPILER_APPICON_NAME = AppIcon;
				CODE_SIGN_STYLE = Automatic;
				DEVELOPMENT_TEAM = 8825K9HH49;
				INFOPLIST_FILE = FirebaseChat/Info.plist;
				IPHONEOS_DEPLOYMENT_TARGET = 13.4;
				LD_RUNPATH_SEARCH_PATHS = (
					"$(inherited)",
					"@executable_path/Frameworks",
				);
				PRODUCT_BUNDLE_IDENTIFIER = com.christopherdevito.FirebaseChat;
				PRODUCT_NAME = "$(TARGET_NAME)";
				SWIFT_VERSION = 5.0;
				TARGETED_DEVICE_FAMILY = "1,2";
			};
			name = Debug;
		};
		E2695E40244F82A90089E9B9 /* Release */ = {
			isa = XCBuildConfiguration;
			baseConfigurationReference = 5EA2F56BEC5B0C97608FB0E7 /* Pods-FirebaseChat.release.xcconfig */;
			buildSettings = {
				ASSETCATALOG_COMPILER_APPICON_NAME = AppIcon;
				CODE_SIGN_STYLE = Automatic;
				DEVELOPMENT_TEAM = 8825K9HH49;
				INFOPLIST_FILE = FirebaseChat/Info.plist;
				IPHONEOS_DEPLOYMENT_TARGET = 13.4;
				LD_RUNPATH_SEARCH_PATHS = (
					"$(inherited)",
					"@executable_path/Frameworks",
				);
				PRODUCT_BUNDLE_IDENTIFIER = com.christopherdevito.FirebaseChat;
				PRODUCT_NAME = "$(TARGET_NAME)";
				SWIFT_VERSION = 5.0;
				TARGETED_DEVICE_FAMILY = "1,2";
			};
			name = Release;
		};
		E2695E42244F82A90089E9B9 /* Debug */ = {
			isa = XCBuildConfiguration;
			baseConfigurationReference = 72AF8702B29C163678C0D3EC /* Pods-FirebaseChatTests.debug.xcconfig */;
			buildSettings = {
				ALWAYS_EMBED_SWIFT_STANDARD_LIBRARIES = YES;
				BUNDLE_LOADER = "$(TEST_HOST)";
				CODE_SIGN_STYLE = Automatic;
				DEVELOPMENT_TEAM = 8825K9HH49;
				INFOPLIST_FILE = FirebaseChatTests/Info.plist;
				IPHONEOS_DEPLOYMENT_TARGET = 13.4;
				LD_RUNPATH_SEARCH_PATHS = (
					"$(inherited)",
					"@executable_path/Frameworks",
					"@loader_path/Frameworks",
				);
				PRODUCT_BUNDLE_IDENTIFIER = com.christopherdevito.FirebaseChatTests;
				PRODUCT_NAME = "$(TARGET_NAME)";
				SWIFT_VERSION = 5.0;
				TARGETED_DEVICE_FAMILY = "1,2";
				TEST_HOST = "$(BUILT_PRODUCTS_DIR)/FirebaseChat.app/FirebaseChat";
			};
			name = Debug;
		};
		E2695E43244F82A90089E9B9 /* Release */ = {
			isa = XCBuildConfiguration;
			baseConfigurationReference = E87F1A91E379549E5CB3E34F /* Pods-FirebaseChatTests.release.xcconfig */;
			buildSettings = {
				ALWAYS_EMBED_SWIFT_STANDARD_LIBRARIES = YES;
				BUNDLE_LOADER = "$(TEST_HOST)";
				CODE_SIGN_STYLE = Automatic;
				DEVELOPMENT_TEAM = 8825K9HH49;
				INFOPLIST_FILE = FirebaseChatTests/Info.plist;
				IPHONEOS_DEPLOYMENT_TARGET = 13.4;
				LD_RUNPATH_SEARCH_PATHS = (
					"$(inherited)",
					"@executable_path/Frameworks",
					"@loader_path/Frameworks",
				);
				PRODUCT_BUNDLE_IDENTIFIER = com.christopherdevito.FirebaseChatTests;
				PRODUCT_NAME = "$(TARGET_NAME)";
				SWIFT_VERSION = 5.0;
				TARGETED_DEVICE_FAMILY = "1,2";
				TEST_HOST = "$(BUILT_PRODUCTS_DIR)/FirebaseChat.app/FirebaseChat";
			};
			name = Release;
		};
		E2695E45244F82A90089E9B9 /* Debug */ = {
			isa = XCBuildConfiguration;
			baseConfigurationReference = C734B846623A2E98632D51A6 /* Pods-FirebaseChat-FirebaseChatUITests.debug.xcconfig */;
			buildSettings = {
				ALWAYS_EMBED_SWIFT_STANDARD_LIBRARIES = YES;
				CODE_SIGN_STYLE = Automatic;
				DEVELOPMENT_TEAM = 8825K9HH49;
				INFOPLIST_FILE = FirebaseChatUITests/Info.plist;
				LD_RUNPATH_SEARCH_PATHS = (
					"$(inherited)",
					"@executable_path/Frameworks",
					"@loader_path/Frameworks",
				);
				PRODUCT_BUNDLE_IDENTIFIER = com.christopherdevito.FirebaseChatUITests;
				PRODUCT_NAME = "$(TARGET_NAME)";
				SWIFT_VERSION = 5.0;
				TARGETED_DEVICE_FAMILY = "1,2";
				TEST_TARGET_NAME = FirebaseChat;
			};
			name = Debug;
		};
		E2695E46244F82A90089E9B9 /* Release */ = {
			isa = XCBuildConfiguration;
			baseConfigurationReference = 3C0EFB72E30799C5C4E27EE1 /* Pods-FirebaseChat-FirebaseChatUITests.release.xcconfig */;
			buildSettings = {
				ALWAYS_EMBED_SWIFT_STANDARD_LIBRARIES = YES;
				CODE_SIGN_STYLE = Automatic;
				DEVELOPMENT_TEAM = 8825K9HH49;
				INFOPLIST_FILE = FirebaseChatUITests/Info.plist;
				LD_RUNPATH_SEARCH_PATHS = (
					"$(inherited)",
					"@executable_path/Frameworks",
					"@loader_path/Frameworks",
				);
				PRODUCT_BUNDLE_IDENTIFIER = com.christopherdevito.FirebaseChatUITests;
				PRODUCT_NAME = "$(TARGET_NAME)";
				SWIFT_VERSION = 5.0;
				TARGETED_DEVICE_FAMILY = "1,2";
				TEST_TARGET_NAME = FirebaseChat;
			};
			name = Release;
		};
/* End XCBuildConfiguration section */

/* Begin XCConfigurationList section */
		E2695E0F244F82A60089E9B9 /* Build configuration list for PBXProject "FirebaseChat" */ = {
			isa = XCConfigurationList;
			buildConfigurations = (
				E2695E3C244F82A90089E9B9 /* Debug */,
				E2695E3D244F82A90089E9B9 /* Release */,
			);
			defaultConfigurationIsVisible = 0;
			defaultConfigurationName = Release;
		};
		E2695E3E244F82A90089E9B9 /* Build configuration list for PBXNativeTarget "FirebaseChat" */ = {
			isa = XCConfigurationList;
			buildConfigurations = (
				E2695E3F244F82A90089E9B9 /* Debug */,
				E2695E40244F82A90089E9B9 /* Release */,
			);
			defaultConfigurationIsVisible = 0;
			defaultConfigurationName = Release;
		};
		E2695E41244F82A90089E9B9 /* Build configuration list for PBXNativeTarget "FirebaseChatTests" */ = {
			isa = XCConfigurationList;
			buildConfigurations = (
				E2695E42244F82A90089E9B9 /* Debug */,
				E2695E43244F82A90089E9B9 /* Release */,
			);
			defaultConfigurationIsVisible = 0;
			defaultConfigurationName = Release;
		};
		E2695E44244F82A90089E9B9 /* Build configuration list for PBXNativeTarget "FirebaseChatUITests" */ = {
			isa = XCConfigurationList;
			buildConfigurations = (
				E2695E45244F82A90089E9B9 /* Debug */,
				E2695E46244F82A90089E9B9 /* Release */,
			);
			defaultConfigurationIsVisible = 0;
			defaultConfigurationName = Release;
		};
/* End XCConfigurationList section */
	};
	rootObject = E2695E0C244F82A60089E9B9 /* Project object */;
}
