// !$*UTF8*$!
{
	archiveVersion = 1;
	classes = {
	};
	objectVersion = 51;
	objects = {

/* Begin PBXBuildFile section */
		1AF944BDBD8ABA8BC5008249 /* Pods_ios_firebase_chat.framework in Frameworks */ = {isa = PBXBuildFile; fileRef = 2550BEFC80994A0752B815CF /* Pods_ios_firebase_chat.framework */; };
		C9296FDA248DBC4E0038E8A7 /* Message.swift in Sources */ = {isa = PBXBuildFile; fileRef = C9296FD9248DBC4E0038E8A7 /* Message.swift */; };
		C9296FDC248DBC6F0038E8A7 /* ChatRoom.swift in Sources */ = {isa = PBXBuildFile; fileRef = C9296FDB248DBC6F0038E8A7 /* ChatRoom.swift */; };
		C9296FE1248DCB8D0038E8A7 /* ChatController.swift in Sources */ = {isa = PBXBuildFile; fileRef = C9296FE0248DCB8D0038E8A7 /* ChatController.swift */; };
		C93BCF69248C422C0018340E /* AppDelegate.swift in Sources */ = {isa = PBXBuildFile; fileRef = C93BCF68248C422C0018340E /* AppDelegate.swift */; };
		C93BCF6B248C422C0018340E /* SceneDelegate.swift in Sources */ = {isa = PBXBuildFile; fileRef = C93BCF6A248C422C0018340E /* SceneDelegate.swift */; };
		C93BCF70248C422C0018340E /* Main.storyboard in Resources */ = {isa = PBXBuildFile; fileRef = C93BCF6E248C422C0018340E /* Main.storyboard */; };
		C93BCF72248C422F0018340E /* Assets.xcassets in Resources */ = {isa = PBXBuildFile; fileRef = C93BCF71248C422F0018340E /* Assets.xcassets */; };
		C93BCF75248C422F0018340E /* LaunchScreen.storyboard in Resources */ = {isa = PBXBuildFile; fileRef = C93BCF73248C422F0018340E /* LaunchScreen.storyboard */; };
		C93BCF7D248C42690018340E /* GoogleService-Info.plist in Resources */ = {isa = PBXBuildFile; fileRef = C93BCF7C248C42690018340E /* GoogleService-Info.plist */; };
		C93BCF7F248DBB120018340E /* ChatsTableViewController.swift in Sources */ = {isa = PBXBuildFile; fileRef = C93BCF7E248DBB120018340E /* ChatsTableViewController.swift */; };
/* End PBXBuildFile section */

/* Begin PBXFileReference section */
		2550BEFC80994A0752B815CF /* Pods_ios_firebase_chat.framework */ = {isa = PBXFileReference; explicitFileType = wrapper.framework; includeInIndex = 0; path = Pods_ios_firebase_chat.framework; sourceTree = BUILT_PRODUCTS_DIR; };
		3B4CCEA7469DEA266F54067A /* Pods-ios-firebase-chat.debug.xcconfig */ = {isa = PBXFileReference; includeInIndex = 1; lastKnownFileType = text.xcconfig; name = "Pods-ios-firebase-chat.debug.xcconfig"; path = "Target Support Files/Pods-ios-firebase-chat/Pods-ios-firebase-chat.debug.xcconfig"; sourceTree = "<group>"; };
		C9296FD9248DBC4E0038E8A7 /* Message.swift */ = {isa = PBXFileReference; lastKnownFileType = sourcecode.swift; path = Message.swift; sourceTree = "<group>"; };
		C9296FDB248DBC6F0038E8A7 /* ChatRoom.swift */ = {isa = PBXFileReference; lastKnownFileType = sourcecode.swift; path = ChatRoom.swift; sourceTree = "<group>"; };
		C9296FE0248DCB8D0038E8A7 /* ChatController.swift */ = {isa = PBXFileReference; lastKnownFileType = sourcecode.swift; path = ChatController.swift; sourceTree = "<group>"; };
		C93BCF65248C422C0018340E /* ios-firebase-chat.app */ = {isa = PBXFileReference; explicitFileType = wrapper.application; includeInIndex = 0; path = "ios-firebase-chat.app"; sourceTree = BUILT_PRODUCTS_DIR; };
		C93BCF68248C422C0018340E /* AppDelegate.swift */ = {isa = PBXFileReference; lastKnownFileType = sourcecode.swift; path = AppDelegate.swift; sourceTree = "<group>"; };
		C93BCF6A248C422C0018340E /* SceneDelegate.swift */ = {isa = PBXFileReference; lastKnownFileType = sourcecode.swift; path = SceneDelegate.swift; sourceTree = "<group>"; };
		C93BCF6F248C422C0018340E /* Base */ = {isa = PBXFileReference; lastKnownFileType = file.storyboard; name = Base; path = Base.lproj/Main.storyboard; sourceTree = "<group>"; };
		C93BCF71248C422F0018340E /* Assets.xcassets */ = {isa = PBXFileReference; lastKnownFileType = folder.assetcatalog; path = Assets.xcassets; sourceTree = "<group>"; };
		C93BCF74248C422F0018340E /* Base */ = {isa = PBXFileReference; lastKnownFileType = file.storyboard; name = Base; path = Base.lproj/LaunchScreen.storyboard; sourceTree = "<group>"; };
		C93BCF76248C422F0018340E /* Info.plist */ = {isa = PBXFileReference; lastKnownFileType = text.plist.xml; path = Info.plist; sourceTree = "<group>"; };
		C93BCF7C248C42690018340E /* GoogleService-Info.plist */ = {isa = PBXFileReference; fileEncoding = 4; lastKnownFileType = text.plist.xml; path = "GoogleService-Info.plist"; sourceTree = "<group>"; };
		C93BCF7E248DBB120018340E /* ChatsTableViewController.swift */ = {isa = PBXFileReference; lastKnownFileType = sourcecode.swift; path = ChatsTableViewController.swift; sourceTree = "<group>"; };
		F1BC2A309724852DD64EF5F1 /* Pods-ios-firebase-chat.release.xcconfig */ = {isa = PBXFileReference; includeInIndex = 1; lastKnownFileType = text.xcconfig; name = "Pods-ios-firebase-chat.release.xcconfig"; path = "Target Support Files/Pods-ios-firebase-chat/Pods-ios-firebase-chat.release.xcconfig"; sourceTree = "<group>"; };
/* End PBXFileReference section */

/* Begin PBXFrameworksBuildPhase section */
		C93BCF62248C422C0018340E /* Frameworks */ = {
			isa = PBXFrameworksBuildPhase;
			buildActionMask = 2147483647;
			files = (
				1AF944BDBD8ABA8BC5008249 /* Pods_ios_firebase_chat.framework in Frameworks */,
			);
			runOnlyForDeploymentPostprocessing = 0;
		};
/* End PBXFrameworksBuildPhase section */

/* Begin PBXGroup section */
		543A48ADCC491C334C9E01CF /* Pods */ = {
			isa = PBXGroup;
			children = (
				3B4CCEA7469DEA266F54067A /* Pods-ios-firebase-chat.debug.xcconfig */,
				F1BC2A309724852DD64EF5F1 /* Pods-ios-firebase-chat.release.xcconfig */,
			);
			path = Pods;
			sourceTree = "<group>";
		};
		79CD5B6EEBE6A269E00E4452 /* Frameworks */ = {
			isa = PBXGroup;
			children = (
				2550BEFC80994A0752B815CF /* Pods_ios_firebase_chat.framework */,
			);
			name = Frameworks;
			sourceTree = "<group>";
		};
		C9296FD8248DBC360038E8A7 /* Models */ = {
			isa = PBXGroup;
			children = (
				C9296FD9248DBC4E0038E8A7 /* Message.swift */,
				C9296FDB248DBC6F0038E8A7 /* ChatRoom.swift */,
			);
			path = Models;
			sourceTree = "<group>";
		};
		C9296FDF248DCB790038E8A7 /* Model Controllers */ = {
			isa = PBXGroup;
			children = (
				C9296FE0248DCB8D0038E8A7 /* ChatController.swift */,
			);
			path = "Model Controllers";
			sourceTree = "<group>";
		};
		C93BCF5C248C422C0018340E = {
			isa = PBXGroup;
			children = (
				C93BCF67248C422C0018340E /* ios-firebase-chat */,
				C93BCF66248C422C0018340E /* Products */,
				543A48ADCC491C334C9E01CF /* Pods */,
				79CD5B6EEBE6A269E00E4452 /* Frameworks */,
			);
			sourceTree = "<group>";
		};
		C93BCF66248C422C0018340E /* Products */ = {
			isa = PBXGroup;
			children = (
				C93BCF65248C422C0018340E /* ios-firebase-chat.app */,
			);
			name = Products;
			sourceTree = "<group>";
		};
		C93BCF67248C422C0018340E /* ios-firebase-chat */ = {
			isa = PBXGroup;
			children = (
				C93BCF7C248C42690018340E /* GoogleService-Info.plist */,
				C93BCF76248C422F0018340E /* Info.plist */,
				C93BCF68248C422C0018340E /* AppDelegate.swift */,
				C93BCF6A248C422C0018340E /* SceneDelegate.swift */,
				C93BCF71248C422F0018340E /* Assets.xcassets */,
				C93BCF73248C422F0018340E /* LaunchScreen.storyboard */,
				C9296FDF248DCB790038E8A7 /* Model Controllers */,
				C9296FD8248DBC360038E8A7 /* Models */,
				C93BCF81248DBB2F0018340E /* Storyboards */,
				C93BCF80248DBB220018340E /* View Controllers */,
			);
			path = "ios-firebase-chat";
			sourceTree = "<group>";
		};
		C93BCF80248DBB220018340E /* View Controllers */ = {
			isa = PBXGroup;
			children = (
				C93BCF7E248DBB120018340E /* ChatsTableViewController.swift */,
			);
			path = "View Controllers";
			sourceTree = "<group>";
		};
		C93BCF81248DBB2F0018340E /* Storyboards */ = {
			isa = PBXGroup;
			children = (
				C93BCF6E248C422C0018340E /* Main.storyboard */,
			);
			path = Storyboards;
			sourceTree = "<group>";
		};
/* End PBXGroup section */

/* Begin PBXNativeTarget section */
		C93BCF64248C422C0018340E /* ios-firebase-chat */ = {
			isa = PBXNativeTarget;
			buildConfigurationList = C93BCF79248C422F0018340E /* Build configuration list for PBXNativeTarget "ios-firebase-chat" */;
			buildPhases = (
				AD5666E99AE1483290DAA8D3 /* [CP] Check Pods Manifest.lock */,
				C93BCF61248C422C0018340E /* Sources */,
				C93BCF62248C422C0018340E /* Frameworks */,
				C93BCF63248C422C0018340E /* Resources */,
				D27401FC5119F8FACFE8667D /* [CP] Embed Pods Frameworks */,
			);
			buildRules = (
			);
			dependencies = (
			);
			name = "ios-firebase-chat";
			productName = "ios-firebase-chat";
			productReference = C93BCF65248C422C0018340E /* ios-firebase-chat.app */;
			productType = "com.apple.product-type.application";
		};
/* End PBXNativeTarget section */

/* Begin PBXProject section */
		C93BCF5D248C422C0018340E /* Project object */ = {
			isa = PBXProject;
			attributes = {
				LastSwiftUpdateCheck = 1140;
				LastUpgradeCheck = 1140;
				ORGANIZATIONNAME = "Matthew Martindale";
				TargetAttributes = {
					C93BCF64248C422C0018340E = {
						CreatedOnToolsVersion = 11.4.1;
					};
				};
			};
			buildConfigurationList = C93BCF60248C422C0018340E /* Build configuration list for PBXProject "ios-firebase-chat" */;
			compatibilityVersion = "Xcode 9.3";
			developmentRegion = en;
			hasScannedForEncodings = 0;
			knownRegions = (
				en,
				Base,
			);
			mainGroup = C93BCF5C248C422C0018340E;
			productRefGroup = C93BCF66248C422C0018340E /* Products */;
			projectDirPath = "";
			projectRoot = "";
			targets = (
				C93BCF64248C422C0018340E /* ios-firebase-chat */,
			);
		};
/* End PBXProject section */

/* Begin PBXResourcesBuildPhase section */
		C93BCF63248C422C0018340E /* Resources */ = {
			isa = PBXResourcesBuildPhase;
			buildActionMask = 2147483647;
			files = (
				C93BCF75248C422F0018340E /* LaunchScreen.storyboard in Resources */,
				C93BCF7D248C42690018340E /* GoogleService-Info.plist in Resources */,
				C93BCF72248C422F0018340E /* Assets.xcassets in Resources */,
				C93BCF70248C422C0018340E /* Main.storyboard in Resources */,
			);
			runOnlyForDeploymentPostprocessing = 0;
		};
/* End PBXResourcesBuildPhase section */

/* Begin PBXShellScriptBuildPhase section */
		AD5666E99AE1483290DAA8D3 /* [CP] Check Pods Manifest.lock */ = {
			isa = PBXShellScriptBuildPhase;
			buildActionMask = 2147483647;
			files = (
			);
			inputFileListPaths = (
			);
			inputPaths = (
				"${PODS_PODFILE_DIR_PATH}/Podfile.lock",
				"${PODS_ROOT}/Manifest.lock",
			);
			name = "[CP] Check Pods Manifest.lock";
			outputFileListPaths = (
			);
			outputPaths = (
				"$(DERIVED_FILE_DIR)/Pods-ios-firebase-chat-checkManifestLockResult.txt",
			);
			runOnlyForDeploymentPostprocessing = 0;
			shellPath = /bin/sh;
			shellScript = "diff \"${PODS_PODFILE_DIR_PATH}/Podfile.lock\" \"${PODS_ROOT}/Manifest.lock\" > /dev/null\nif [ $? != 0 ] ; then\n    # print error to STDERR\n    echo \"error: The sandbox is not in sync with the Podfile.lock. Run 'pod install' or update your CocoaPods installation.\" >&2\n    exit 1\nfi\n# This output is used by Xcode 'outputs' to avoid re-running this script phase.\necho \"SUCCESS\" > \"${SCRIPT_OUTPUT_FILE_0}\"\n";
			showEnvVarsInLog = 0;
		};
		D27401FC5119F8FACFE8667D /* [CP] Embed Pods Frameworks */ = {
			isa = PBXShellScriptBuildPhase;
			buildActionMask = 2147483647;
			files = (
			);
			inputFileListPaths = (
				"${PODS_ROOT}/Target Support Files/Pods-ios-firebase-chat/Pods-ios-firebase-chat-frameworks-${CONFIGURATION}-input-files.xcfilelist",
			);
			name = "[CP] Embed Pods Frameworks";
			outputFileListPaths = (
				"${PODS_ROOT}/Target Support Files/Pods-ios-firebase-chat/Pods-ios-firebase-chat-frameworks-${CONFIGURATION}-output-files.xcfilelist",
			);
			runOnlyForDeploymentPostprocessing = 0;
			shellPath = /bin/sh;
			shellScript = "\"${PODS_ROOT}/Target Support Files/Pods-ios-firebase-chat/Pods-ios-firebase-chat-frameworks.sh\"\n";
			showEnvVarsInLog = 0;
		};
/* End PBXShellScriptBuildPhase section */

/* Begin PBXSourcesBuildPhase section */
		C93BCF61248C422C0018340E /* Sources */ = {
			isa = PBXSourcesBuildPhase;
			buildActionMask = 2147483647;
			files = (
				C93BCF69248C422C0018340E /* AppDelegate.swift in Sources */,
				C9296FDA248DBC4E0038E8A7 /* Message.swift in Sources */,
				C93BCF6B248C422C0018340E /* SceneDelegate.swift in Sources */,
				C9296FDC248DBC6F0038E8A7 /* ChatRoom.swift in Sources */,
				C93BCF7F248DBB120018340E /* ChatsTableViewController.swift in Sources */,
				C9296FE1248DCB8D0038E8A7 /* ChatController.swift in Sources */,
			);
			runOnlyForDeploymentPostprocessing = 0;
		};
/* End PBXSourcesBuildPhase section */

/* Begin PBXVariantGroup section */
		C93BCF6E248C422C0018340E /* Main.storyboard */ = {
			isa = PBXVariantGroup;
			children = (
				C93BCF6F248C422C0018340E /* Base */,
			);
			name = Main.storyboard;
			sourceTree = "<group>";
		};
		C93BCF73248C422F0018340E /* LaunchScreen.storyboard */ = {
			isa = PBXVariantGroup;
			children = (
				C93BCF74248C422F0018340E /* Base */,
			);
			name = LaunchScreen.storyboard;
			sourceTree = "<group>";
		};
/* End PBXVariantGroup section */

/* Begin XCBuildConfiguration section */
		C93BCF77248C422F0018340E /* Debug */ = {
			isa = XCBuildConfiguration;
			buildSettings = {
				ALWAYS_SEARCH_USER_PATHS = NO;
				CLANG_ANALYZER_NONNULL = YES;
				CLANG_ANALYZER_NUMBER_OBJECT_CONVERSION = YES_AGGRESSIVE;
				CLANG_CXX_LANGUAGE_STANDARD = "gnu++14";
				CLANG_CXX_LIBRARY = "libc++";
				CLANG_ENABLE_MODULES = YES;
				CLANG_ENABLE_OBJC_ARC = YES;
				CLANG_ENABLE_OBJC_WEAK = YES;
				CLANG_WARN_BLOCK_CAPTURE_AUTORELEASING = YES;
				CLANG_WARN_BOOL_CONVERSION = YES;
				CLANG_WARN_COMMA = YES;
				CLANG_WARN_CONSTANT_CONVERSION = YES;
				CLANG_WARN_DEPRECATED_OBJC_IMPLEMENTATIONS = YES;
				CLANG_WARN_DIRECT_OBJC_ISA_USAGE = YES_ERROR;
				CLANG_WARN_DOCUMENTATION_COMMENTS = YES;
				CLANG_WARN_EMPTY_BODY = YES;
				CLANG_WARN_ENUM_CONVERSION = YES;
				CLANG_WARN_INFINITE_RECURSION = YES;
				CLANG_WARN_INT_CONVERSION = YES;
				CLANG_WARN_NON_LITERAL_NULL_CONVERSION = YES;
				CLANG_WARN_OBJC_IMPLICIT_RETAIN_SELF = YES;
				CLANG_WARN_OBJC_LITERAL_CONVERSION = YES;
				CLANG_WARN_OBJC_ROOT_CLASS = YES_ERROR;
				CLANG_WARN_RANGE_LOOP_ANALYSIS = YES;
				CLANG_WARN_STRICT_PROTOTYPES = YES;
				CLANG_WARN_SUSPICIOUS_MOVE = YES;
				CLANG_WARN_UNGUARDED_AVAILABILITY = YES_AGGRESSIVE;
				CLANG_WARN_UNREACHABLE_CODE = YES;
				CLANG_WARN__DUPLICATE_METHOD_MATCH = YES;
				COPY_PHASE_STRIP = NO;
				DEBUG_INFORMATION_FORMAT = dwarf;
				ENABLE_STRICT_OBJC_MSGSEND = YES;
				ENABLE_TESTABILITY = YES;
				GCC_C_LANGUAGE_STANDARD = gnu11;
				GCC_DYNAMIC_NO_PIC = NO;
				GCC_NO_COMMON_BLOCKS = YES;
				GCC_OPTIMIZATION_LEVEL = 0;
				GCC_PREPROCESSOR_DEFINITIONS = (
					"DEBUG=1",
					"$(inherited)",
				);
				GCC_WARN_64_TO_32_BIT_CONVERSION = YES;
				GCC_WARN_ABOUT_RETURN_TYPE = YES_ERROR;
				GCC_WARN_UNDECLARED_SELECTOR = YES;
				GCC_WARN_UNINITIALIZED_AUTOS = YES_AGGRESSIVE;
				GCC_WARN_UNUSED_FUNCTION = YES;
				GCC_WARN_UNUSED_VARIABLE = YES;
				IPHONEOS_DEPLOYMENT_TARGET = 13.4;
				MTL_ENABLE_DEBUG_INFO = INCLUDE_SOURCE;
				MTL_FAST_MATH = YES;
				ONLY_ACTIVE_ARCH = YES;
				SDKROOT = iphoneos;
				SWIFT_ACTIVE_COMPILATION_CONDITIONS = DEBUG;
				SWIFT_OPTIMIZATION_LEVEL = "-Onone";
			};
			name = Debug;
		};
		C93BCF78248C422F0018340E /* Release */ = {
			isa = XCBuildConfiguration;
			buildSettings = {
				ALWAYS_SEARCH_USER_PATHS = NO;
				CLANG_ANALYZER_NONNULL = YES;
				CLANG_ANALYZER_NUMBER_OBJECT_CONVERSION = YES_AGGRESSIVE;
				CLANG_CXX_LANGUAGE_STANDARD = "gnu++14";
				CLANG_CXX_LIBRARY = "libc++";
				CLANG_ENABLE_MODULES = YES;
				CLANG_ENABLE_OBJC_ARC = YES;
				CLANG_ENABLE_OBJC_WEAK = YES;
				CLANG_WARN_BLOCK_CAPTURE_AUTORELEASING = YES;
				CLANG_WARN_BOOL_CONVERSION = YES;
				CLANG_WARN_COMMA = YES;
				CLANG_WARN_CONSTANT_CONVERSION = YES;
				CLANG_WARN_DEPRECATED_OBJC_IMPLEMENTATIONS = YES;
				CLANG_WARN_DIRECT_OBJC_ISA_USAGE = YES_ERROR;
				CLANG_WARN_DOCUMENTATION_COMMENTS = YES;
				CLANG_WARN_EMPTY_BODY = YES;
				CLANG_WARN_ENUM_CONVERSION = YES;
				CLANG_WARN_INFINITE_RECURSION = YES;
				CLANG_WARN_INT_CONVERSION = YES;
				CLANG_WARN_NON_LITERAL_NULL_CONVERSION = YES;
				CLANG_WARN_OBJC_IMPLICIT_RETAIN_SELF = YES;
				CLANG_WARN_OBJC_LITERAL_CONVERSION = YES;
				CLANG_WARN_OBJC_ROOT_CLASS = YES_ERROR;
				CLANG_WARN_RANGE_LOOP_ANALYSIS = YES;
				CLANG_WARN_STRICT_PROTOTYPES = YES;
				CLANG_WARN_SUSPICIOUS_MOVE = YES;
				CLANG_WARN_UNGUARDED_AVAILABILITY = YES_AGGRESSIVE;
				CLANG_WARN_UNREACHABLE_CODE = YES;
				CLANG_WARN__DUPLICATE_METHOD_MATCH = YES;
				COPY_PHASE_STRIP = NO;
				DEBUG_INFORMATION_FORMAT = "dwarf-with-dsym";
				ENABLE_NS_ASSERTIONS = NO;
				ENABLE_STRICT_OBJC_MSGSEND = YES;
				GCC_C_LANGUAGE_STANDARD = gnu11;
				GCC_NO_COMMON_BLOCKS = YES;
				GCC_WARN_64_TO_32_BIT_CONVERSION = YES;
				GCC_WARN_ABOUT_RETURN_TYPE = YES_ERROR;
				GCC_WARN_UNDECLARED_SELECTOR = YES;
				GCC_WARN_UNINITIALIZED_AUTOS = YES_AGGRESSIVE;
				GCC_WARN_UNUSED_FUNCTION = YES;
				GCC_WARN_UNUSED_VARIABLE = YES;
				IPHONEOS_DEPLOYMENT_TARGET = 13.4;
				MTL_ENABLE_DEBUG_INFO = NO;
				MTL_FAST_MATH = YES;
				SDKROOT = iphoneos;
				SWIFT_COMPILATION_MODE = wholemodule;
				SWIFT_OPTIMIZATION_LEVEL = "-O";
				VALIDATE_PRODUCT = YES;
			};
			name = Release;
		};
		C93BCF7A248C422F0018340E /* Debug */ = {
			isa = XCBuildConfiguration;
			baseConfigurationReference = 3B4CCEA7469DEA266F54067A /* Pods-ios-firebase-chat.debug.xcconfig */;
			buildSettings = {
				ASSETCATALOG_COMPILER_APPICON_NAME = AppIcon;
				CODE_SIGN_STYLE = Automatic;
				INFOPLIST_FILE = "ios-firebase-chat/Info.plist";
				LD_RUNPATH_SEARCH_PATHS = (
					"$(inherited)",
					"@executable_path/Frameworks",
				);
				PRODUCT_BUNDLE_IDENTIFIER = "com.mattmartindale.ios-firebase-chat";
				PRODUCT_NAME = "$(TARGET_NAME)";
				SWIFT_VERSION = 5.0;
				TARGETED_DEVICE_FAMILY = "1,2";
			};
			name = Debug;
		};
		C93BCF7B248C422F0018340E /* Release */ = {
			isa = XCBuildConfiguration;
			baseConfigurationReference = F1BC2A309724852DD64EF5F1 /* Pods-ios-firebase-chat.release.xcconfig */;
			buildSettings = {
				ASSETCATALOG_COMPILER_APPICON_NAME = AppIcon;
				CODE_SIGN_STYLE = Automatic;
				INFOPLIST_FILE = "ios-firebase-chat/Info.plist";
				LD_RUNPATH_SEARCH_PATHS = (
					"$(inherited)",
					"@executable_path/Frameworks",
				);
				PRODUCT_BUNDLE_IDENTIFIER = "com.mattmartindale.ios-firebase-chat";
				PRODUCT_NAME = "$(TARGET_NAME)";
				SWIFT_VERSION = 5.0;
				TARGETED_DEVICE_FAMILY = "1,2";
			};
			name = Release;
		};
/* End XCBuildConfiguration section */

/* Begin XCConfigurationList section */
		C93BCF60248C422C0018340E /* Build configuration list for PBXProject "ios-firebase-chat" */ = {
			isa = XCConfigurationList;
			buildConfigurations = (
				C93BCF77248C422F0018340E /* Debug */,
				C93BCF78248C422F0018340E /* Release */,
			);
			defaultConfigurationIsVisible = 0;
			defaultConfigurationName = Release;
		};
		C93BCF79248C422F0018340E /* Build configuration list for PBXNativeTarget "ios-firebase-chat" */ = {
			isa = XCConfigurationList;
			buildConfigurations = (
				C93BCF7A248C422F0018340E /* Debug */,
				C93BCF7B248C422F0018340E /* Release */,
			);
			defaultConfigurationIsVisible = 0;
			defaultConfigurationName = Release;
		};
/* End XCConfigurationList section */
	};
	rootObject = C93BCF5D248C422C0018340E /* Project object */;
}
