// !$*UTF8*$!
{
	archiveVersion = 1;
	classes = {
	};
	objectVersion = 50;
	objects = {

/* Begin PBXBuildFile section */
		4EEA3D4E8C2C8012196924C2 /* Pods_ios_firebase_chat.framework in Frameworks */ = {isa = PBXBuildFile; fileRef = 0302B38538C616705AB23D46 /* Pods_ios_firebase_chat.framework */; };
		E8B2C82C22C2AE5A00716421 /* AppDelegate.swift in Sources */ = {isa = PBXBuildFile; fileRef = E8B2C82B22C2AE5A00716421 /* AppDelegate.swift */; };
		E8B2C82E22C2AE5A00716421 /* ViewController.swift in Sources */ = {isa = PBXBuildFile; fileRef = E8B2C82D22C2AE5A00716421 /* ViewController.swift */; };
		E8B2C83122C2AE5A00716421 /* Main.storyboard in Resources */ = {isa = PBXBuildFile; fileRef = E8B2C82F22C2AE5A00716421 /* Main.storyboard */; };
		E8B2C83322C2AE5C00716421 /* Assets.xcassets in Resources */ = {isa = PBXBuildFile; fileRef = E8B2C83222C2AE5C00716421 /* Assets.xcassets */; };
		E8B2C83622C2AE5C00716421 /* LaunchScreen.storyboard in Resources */ = {isa = PBXBuildFile; fileRef = E8B2C83422C2AE5C00716421 /* LaunchScreen.storyboard */; };
		E8B2C83E22C2B24300716421 /* GoogleService-Info.plist in Resources */ = {isa = PBXBuildFile; fileRef = E8B2C83D22C2B24300716421 /* GoogleService-Info.plist */; };
/* End PBXBuildFile section */

/* Begin PBXFileReference section */
		0302B38538C616705AB23D46 /* Pods_ios_firebase_chat.framework */ = {isa = PBXFileReference; explicitFileType = wrapper.framework; includeInIndex = 0; path = Pods_ios_firebase_chat.framework; sourceTree = BUILT_PRODUCTS_DIR; };
		1FF44A56832EF2045ABCC8B7 /* Pods-ios-firebase-chat.debug.xcconfig */ = {isa = PBXFileReference; includeInIndex = 1; lastKnownFileType = text.xcconfig; name = "Pods-ios-firebase-chat.debug.xcconfig"; path = "Target Support Files/Pods-ios-firebase-chat/Pods-ios-firebase-chat.debug.xcconfig"; sourceTree = "<group>"; };
		81C8AEE8827E8B0FB7CE304D /* Pods-ios-firebase-chat.release.xcconfig */ = {isa = PBXFileReference; includeInIndex = 1; lastKnownFileType = text.xcconfig; name = "Pods-ios-firebase-chat.release.xcconfig"; path = "Target Support Files/Pods-ios-firebase-chat/Pods-ios-firebase-chat.release.xcconfig"; sourceTree = "<group>"; };
		E8B2C82822C2AE5A00716421 /* ios-firebase-chat.app */ = {isa = PBXFileReference; explicitFileType = wrapper.application; includeInIndex = 0; path = "ios-firebase-chat.app"; sourceTree = BUILT_PRODUCTS_DIR; };
		E8B2C82B22C2AE5A00716421 /* AppDelegate.swift */ = {isa = PBXFileReference; lastKnownFileType = sourcecode.swift; path = AppDelegate.swift; sourceTree = "<group>"; };
		E8B2C82D22C2AE5A00716421 /* ViewController.swift */ = {isa = PBXFileReference; lastKnownFileType = sourcecode.swift; path = ViewController.swift; sourceTree = "<group>"; };
		E8B2C83022C2AE5A00716421 /* Base */ = {isa = PBXFileReference; lastKnownFileType = file.storyboard; name = Base; path = Base.lproj/Main.storyboard; sourceTree = "<group>"; };
		E8B2C83222C2AE5C00716421 /* Assets.xcassets */ = {isa = PBXFileReference; lastKnownFileType = folder.assetcatalog; path = Assets.xcassets; sourceTree = "<group>"; };
		E8B2C83522C2AE5C00716421 /* Base */ = {isa = PBXFileReference; lastKnownFileType = file.storyboard; name = Base; path = Base.lproj/LaunchScreen.storyboard; sourceTree = "<group>"; };
		E8B2C83722C2AE5C00716421 /* Info.plist */ = {isa = PBXFileReference; lastKnownFileType = text.plist.xml; path = Info.plist; sourceTree = "<group>"; };
		E8B2C83D22C2B24300716421 /* GoogleService-Info.plist */ = {isa = PBXFileReference; fileEncoding = 4; lastKnownFileType = text.plist.xml; name = "GoogleService-Info.plist"; path = "../../../../../../../Downloads/GoogleService-Info.plist"; sourceTree = "<group>"; };
/* End PBXFileReference section */

/* Begin PBXFrameworksBuildPhase section */
		E8B2C82522C2AE5A00716421 /* Frameworks */ = {
			isa = PBXFrameworksBuildPhase;
			buildActionMask = 2147483647;
			files = (
				4EEA3D4E8C2C8012196924C2 /* Pods_ios_firebase_chat.framework in Frameworks */,
			);
			runOnlyForDeploymentPostprocessing = 0;
		};
/* End PBXFrameworksBuildPhase section */

/* Begin PBXGroup section */
		15653961D5FAB07E35599F25 /* Frameworks */ = {
			isa = PBXGroup;
			children = (
				0302B38538C616705AB23D46 /* Pods_ios_firebase_chat.framework */,
			);
			name = Frameworks;
			sourceTree = "<group>";
		};
		E331BAF277A163E4FEFB4D1E /* Pods */ = {
			isa = PBXGroup;
			children = (
				1FF44A56832EF2045ABCC8B7 /* Pods-ios-firebase-chat.debug.xcconfig */,
				81C8AEE8827E8B0FB7CE304D /* Pods-ios-firebase-chat.release.xcconfig */,
			);
			name = Pods;
			path = Pods;
			sourceTree = "<group>";
		};
		E8B2C81F22C2AE5A00716421 = {
			isa = PBXGroup;
			children = (
				E8B2C82A22C2AE5A00716421 /* ios-firebase-chat */,
				E8B2C82922C2AE5A00716421 /* Products */,
				E331BAF277A163E4FEFB4D1E /* Pods */,
				15653961D5FAB07E35599F25 /* Frameworks */,
			);
			sourceTree = "<group>";
		};
		E8B2C82922C2AE5A00716421 /* Products */ = {
			isa = PBXGroup;
			children = (
				E8B2C82822C2AE5A00716421 /* ios-firebase-chat.app */,
			);
			name = Products;
			sourceTree = "<group>";
		};
		E8B2C82A22C2AE5A00716421 /* ios-firebase-chat */ = {
			isa = PBXGroup;
			children = (
				E8B2C82B22C2AE5A00716421 /* AppDelegate.swift */,
				E8B2C82D22C2AE5A00716421 /* ViewController.swift */,
				E8B2C82F22C2AE5A00716421 /* Main.storyboard */,
				E8B2C83222C2AE5C00716421 /* Assets.xcassets */,
				E8B2C83422C2AE5C00716421 /* LaunchScreen.storyboard */,
				E8B2C83722C2AE5C00716421 /* Info.plist */,
				E8B2C83D22C2B24300716421 /* GoogleService-Info.plist */,
			);
			path = "ios-firebase-chat";
			sourceTree = "<group>";
		};
/* End PBXGroup section */

/* Begin PBXNativeTarget section */
		E8B2C82722C2AE5A00716421 /* ios-firebase-chat */ = {
			isa = PBXNativeTarget;
			buildConfigurationList = E8B2C83A22C2AE5C00716421 /* Build configuration list for PBXNativeTarget "ios-firebase-chat" */;
			buildPhases = (
				EDDC9EA8BF1578BF2C5CF887 /* [CP] Check Pods Manifest.lock */,
				E8B2C82422C2AE5A00716421 /* Sources */,
				E8B2C82522C2AE5A00716421 /* Frameworks */,
				E8B2C82622C2AE5A00716421 /* Resources */,
				FC30D41C2E7B0A899675F0B8 /* [CP] Embed Pods Frameworks */,
			);
			buildRules = (
			);
			dependencies = (
			);
			name = "ios-firebase-chat";
			productName = "ios-firebase-chat";
			productReference = E8B2C82822C2AE5A00716421 /* ios-firebase-chat.app */;
			productType = "com.apple.product-type.application";
		};
/* End PBXNativeTarget section */

/* Begin PBXProject section */
		E8B2C82022C2AE5A00716421 /* Project object */ = {
			isa = PBXProject;
			attributes = {
				LastSwiftUpdateCheck = 1020;
				LastUpgradeCheck = 1020;
				ORGANIZATIONNAME = "Hector Steven";
				TargetAttributes = {
					E8B2C82722C2AE5A00716421 = {
						CreatedOnToolsVersion = 10.2.1;
					};
				};
			};
			buildConfigurationList = E8B2C82322C2AE5A00716421 /* Build configuration list for PBXProject "ios-firebase-chat" */;
			compatibilityVersion = "Xcode 9.3";
			developmentRegion = en;
			hasScannedForEncodings = 0;
			knownRegions = (
				en,
				Base,
			);
			mainGroup = E8B2C81F22C2AE5A00716421;
			productRefGroup = E8B2C82922C2AE5A00716421 /* Products */;
			projectDirPath = "";
			projectRoot = "";
			targets = (
				E8B2C82722C2AE5A00716421 /* ios-firebase-chat */,
			);
		};
/* End PBXProject section */

/* Begin PBXResourcesBuildPhase section */
		E8B2C82622C2AE5A00716421 /* Resources */ = {
			isa = PBXResourcesBuildPhase;
			buildActionMask = 2147483647;
			files = (
				E8B2C83622C2AE5C00716421 /* LaunchScreen.storyboard in Resources */,
				E8B2C83E22C2B24300716421 /* GoogleService-Info.plist in Resources */,
				E8B2C83322C2AE5C00716421 /* Assets.xcassets in Resources */,
				E8B2C83122C2AE5A00716421 /* Main.storyboard in Resources */,
			);
			runOnlyForDeploymentPostprocessing = 0;
		};
/* End PBXResourcesBuildPhase section */

/* Begin PBXShellScriptBuildPhase section */
		EDDC9EA8BF1578BF2C5CF887 /* [CP] Check Pods Manifest.lock */ = {
			isa = PBXShellScriptBuildPhase;
			buildActionMask = 2147483647;
			files = (
			);
			inputFileListPaths = (
			);
			inputPaths = (
				"${PODS_PODFILE_DIR_PATH}/Podfile.lock",
				"${PODS_ROOT}/Manifest.lock",
			);
			name = "[CP] Check Pods Manifest.lock";
			outputFileListPaths = (
			);
			outputPaths = (
				"$(DERIVED_FILE_DIR)/Pods-ios-firebase-chat-checkManifestLockResult.txt",
			);
			runOnlyForDeploymentPostprocessing = 0;
			shellPath = /bin/sh;
			shellScript = "diff \"${PODS_PODFILE_DIR_PATH}/Podfile.lock\" \"${PODS_ROOT}/Manifest.lock\" > /dev/null\nif [ $? != 0 ] ; then\n    # print error to STDERR\n    echo \"error: The sandbox is not in sync with the Podfile.lock. Run 'pod install' or update your CocoaPods installation.\" >&2\n    exit 1\nfi\n# This output is used by Xcode 'outputs' to avoid re-running this script phase.\necho \"SUCCESS\" > \"${SCRIPT_OUTPUT_FILE_0}\"\n";
			showEnvVarsInLog = 0;
		};
		FC30D41C2E7B0A899675F0B8 /* [CP] Embed Pods Frameworks */ = {
			isa = PBXShellScriptBuildPhase;
			buildActionMask = 2147483647;
			files = (
			);
			inputFileListPaths = (
			);
			inputPaths = (
				"${PODS_ROOT}/Target Support Files/Pods-ios-firebase-chat/Pods-ios-firebase-chat-frameworks.sh",
				"${BUILT_PRODUCTS_DIR}/GoogleUtilities/GoogleUtilities.framework",
				"${BUILT_PRODUCTS_DIR}/InputBarAccessoryView/InputBarAccessoryView.framework",
				"${BUILT_PRODUCTS_DIR}/MessageKit/MessageKit.framework",
				"${BUILT_PRODUCTS_DIR}/leveldb-library/leveldb.framework",
				"${BUILT_PRODUCTS_DIR}/nanopb/nanopb.framework",
			);
			name = "[CP] Embed Pods Frameworks";
			outputFileListPaths = (
			);
			outputPaths = (
				"${TARGET_BUILD_DIR}/${FRAMEWORKS_FOLDER_PATH}/GoogleUtilities.framework",
				"${TARGET_BUILD_DIR}/${FRAMEWORKS_FOLDER_PATH}/InputBarAccessoryView.framework",
				"${TARGET_BUILD_DIR}/${FRAMEWORKS_FOLDER_PATH}/MessageKit.framework",
				"${TARGET_BUILD_DIR}/${FRAMEWORKS_FOLDER_PATH}/leveldb.framework",
				"${TARGET_BUILD_DIR}/${FRAMEWORKS_FOLDER_PATH}/nanopb.framework",
			);
			runOnlyForDeploymentPostprocessing = 0;
			shellPath = /bin/sh;
			shellScript = "\"${PODS_ROOT}/Target Support Files/Pods-ios-firebase-chat/Pods-ios-firebase-chat-frameworks.sh\"\n";
			showEnvVarsInLog = 0;
		};
/* End PBXShellScriptBuildPhase section */

/* Begin PBXSourcesBuildPhase section */
		E8B2C82422C2AE5A00716421 /* Sources */ = {
			isa = PBXSourcesBuildPhase;
			buildActionMask = 2147483647;
			files = (
				E8B2C82E22C2AE5A00716421 /* ViewController.swift in Sources */,
				E8B2C82C22C2AE5A00716421 /* AppDelegate.swift in Sources */,
			);
			runOnlyForDeploymentPostprocessing = 0;
		};
/* End PBXSourcesBuildPhase section */

/* Begin PBXVariantGroup section */
		E8B2C82F22C2AE5A00716421 /* Main.storyboard */ = {
			isa = PBXVariantGroup;
			children = (
				E8B2C83022C2AE5A00716421 /* Base */,
			);
			name = Main.storyboard;
			sourceTree = "<group>";
		};
		E8B2C83422C2AE5C00716421 /* LaunchScreen.storyboard */ = {
			isa = PBXVariantGroup;
			children = (
				E8B2C83522C2AE5C00716421 /* Base */,
			);
			name = LaunchScreen.storyboard;
			sourceTree = "<group>";
		};
/* End PBXVariantGroup section */

/* Begin XCBuildConfiguration section */
		E8B2C83822C2AE5C00716421 /* Debug */ = {
			isa = XCBuildConfiguration;
			buildSettings = {
				ALWAYS_SEARCH_USER_PATHS = NO;
				CLANG_ANALYZER_NONNULL = YES;
				CLANG_ANALYZER_NUMBER_OBJECT_CONVERSION = YES_AGGRESSIVE;
				CLANG_CXX_LANGUAGE_STANDARD = "gnu++14";
				CLANG_CXX_LIBRARY = "libc++";
				CLANG_ENABLE_MODULES = YES;
				CLANG_ENABLE_OBJC_ARC = YES;
				CLANG_ENABLE_OBJC_WEAK = YES;
				CLANG_WARN_BLOCK_CAPTURE_AUTORELEASING = YES;
				CLANG_WARN_BOOL_CONVERSION = YES;
				CLANG_WARN_COMMA = YES;
				CLANG_WARN_CONSTANT_CONVERSION = YES;
				CLANG_WARN_DEPRECATED_OBJC_IMPLEMENTATIONS = YES;
				CLANG_WARN_DIRECT_OBJC_ISA_USAGE = YES_ERROR;
				CLANG_WARN_DOCUMENTATION_COMMENTS = YES;
				CLANG_WARN_EMPTY_BODY = YES;
				CLANG_WARN_ENUM_CONVERSION = YES;
				CLANG_WARN_INFINITE_RECURSION = YES;
				CLANG_WARN_INT_CONVERSION = YES;
				CLANG_WARN_NON_LITERAL_NULL_CONVERSION = YES;
				CLANG_WARN_OBJC_IMPLICIT_RETAIN_SELF = YES;
				CLANG_WARN_OBJC_LITERAL_CONVERSION = YES;
				CLANG_WARN_OBJC_ROOT_CLASS = YES_ERROR;
				CLANG_WARN_RANGE_LOOP_ANALYSIS = YES;
				CLANG_WARN_STRICT_PROTOTYPES = YES;
				CLANG_WARN_SUSPICIOUS_MOVE = YES;
				CLANG_WARN_UNGUARDED_AVAILABILITY = YES_AGGRESSIVE;
				CLANG_WARN_UNREACHABLE_CODE = YES;
				CLANG_WARN__DUPLICATE_METHOD_MATCH = YES;
				CODE_SIGN_IDENTITY = "iPhone Developer";
				COPY_PHASE_STRIP = NO;
				DEBUG_INFORMATION_FORMAT = dwarf;
				ENABLE_STRICT_OBJC_MSGSEND = YES;
				ENABLE_TESTABILITY = YES;
				GCC_C_LANGUAGE_STANDARD = gnu11;
				GCC_DYNAMIC_NO_PIC = NO;
				GCC_NO_COMMON_BLOCKS = YES;
				GCC_OPTIMIZATION_LEVEL = 0;
				GCC_PREPROCESSOR_DEFINITIONS = (
					"DEBUG=1",
					"$(inherited)",
				);
				GCC_WARN_64_TO_32_BIT_CONVERSION = YES;
				GCC_WARN_ABOUT_RETURN_TYPE = YES_ERROR;
				GCC_WARN_UNDECLARED_SELECTOR = YES;
				GCC_WARN_UNINITIALIZED_AUTOS = YES_AGGRESSIVE;
				GCC_WARN_UNUSED_FUNCTION = YES;
				GCC_WARN_UNUSED_VARIABLE = YES;
				IPHONEOS_DEPLOYMENT_TARGET = 12.2;
				MTL_ENABLE_DEBUG_INFO = INCLUDE_SOURCE;
				MTL_FAST_MATH = YES;
				ONLY_ACTIVE_ARCH = YES;
				SDKROOT = iphoneos;
				SWIFT_ACTIVE_COMPILATION_CONDITIONS = DEBUG;
				SWIFT_OPTIMIZATION_LEVEL = "-Onone";
			};
			name = Debug;
		};
		E8B2C83922C2AE5C00716421 /* Release */ = {
			isa = XCBuildConfiguration;
			buildSettings = {
				ALWAYS_SEARCH_USER_PATHS = NO;
				CLANG_ANALYZER_NONNULL = YES;
				CLANG_ANALYZER_NUMBER_OBJECT_CONVERSION = YES_AGGRESSIVE;
				CLANG_CXX_LANGUAGE_STANDARD = "gnu++14";
				CLANG_CXX_LIBRARY = "libc++";
				CLANG_ENABLE_MODULES = YES;
				CLANG_ENABLE_OBJC_ARC = YES;
				CLANG_ENABLE_OBJC_WEAK = YES;
				CLANG_WARN_BLOCK_CAPTURE_AUTORELEASING = YES;
				CLANG_WARN_BOOL_CONVERSION = YES;
				CLANG_WARN_COMMA = YES;
				CLANG_WARN_CONSTANT_CONVERSION = YES;
				CLANG_WARN_DEPRECATED_OBJC_IMPLEMENTATIONS = YES;
				CLANG_WARN_DIRECT_OBJC_ISA_USAGE = YES_ERROR;
				CLANG_WARN_DOCUMENTATION_COMMENTS = YES;
				CLANG_WARN_EMPTY_BODY = YES;
				CLANG_WARN_ENUM_CONVERSION = YES;
				CLANG_WARN_INFINITE_RECURSION = YES;
				CLANG_WARN_INT_CONVERSION = YES;
				CLANG_WARN_NON_LITERAL_NULL_CONVERSION = YES;
				CLANG_WARN_OBJC_IMPLICIT_RETAIN_SELF = YES;
				CLANG_WARN_OBJC_LITERAL_CONVERSION = YES;
				CLANG_WARN_OBJC_ROOT_CLASS = YES_ERROR;
				CLANG_WARN_RANGE_LOOP_ANALYSIS = YES;
				CLANG_WARN_STRICT_PROTOTYPES = YES;
				CLANG_WARN_SUSPICIOUS_MOVE = YES;
				CLANG_WARN_UNGUARDED_AVAILABILITY = YES_AGGRESSIVE;
				CLANG_WARN_UNREACHABLE_CODE = YES;
				CLANG_WARN__DUPLICATE_METHOD_MATCH = YES;
				CODE_SIGN_IDENTITY = "iPhone Developer";
				COPY_PHASE_STRIP = NO;
				DEBUG_INFORMATION_FORMAT = "dwarf-with-dsym";
				ENABLE_NS_ASSERTIONS = NO;
				ENABLE_STRICT_OBJC_MSGSEND = YES;
				GCC_C_LANGUAGE_STANDARD = gnu11;
				GCC_NO_COMMON_BLOCKS = YES;
				GCC_WARN_64_TO_32_BIT_CONVERSION = YES;
				GCC_WARN_ABOUT_RETURN_TYPE = YES_ERROR;
				GCC_WARN_UNDECLARED_SELECTOR = YES;
				GCC_WARN_UNINITIALIZED_AUTOS = YES_AGGRESSIVE;
				GCC_WARN_UNUSED_FUNCTION = YES;
				GCC_WARN_UNUSED_VARIABLE = YES;
				IPHONEOS_DEPLOYMENT_TARGET = 12.2;
				MTL_ENABLE_DEBUG_INFO = NO;
				MTL_FAST_MATH = YES;
				SDKROOT = iphoneos;
				SWIFT_COMPILATION_MODE = wholemodule;
				SWIFT_OPTIMIZATION_LEVEL = "-O";
				VALIDATE_PRODUCT = YES;
			};
			name = Release;
		};
		E8B2C83B22C2AE5C00716421 /* Debug */ = {
			isa = XCBuildConfiguration;
			baseConfigurationReference = 1FF44A56832EF2045ABCC8B7 /* Pods-ios-firebase-chat.debug.xcconfig */;
			buildSettings = {
				ASSETCATALOG_COMPILER_APPICON_NAME = AppIcon;
				CODE_SIGN_STYLE = Automatic;
				DEVELOPMENT_TEAM = 97AS6JS382;
				INFOPLIST_FILE = "ios-firebase-chat/Info.plist";
				LD_RUNPATH_SEARCH_PATHS = (
					"$(inherited)",
					"@executable_path/Frameworks",
				);
				PRODUCT_BUNDLE_IDENTIFIER = "com.hvillasa.ios-firebase-chat";
				PRODUCT_NAME = "$(TARGET_NAME)";
				SWIFT_VERSION = 5.0;
				TARGETED_DEVICE_FAMILY = "1,2";
			};
			name = Debug;
		};
		E8B2C83C22C2AE5C00716421 /* Release */ = {
			isa = XCBuildConfiguration;
			baseConfigurationReference = 81C8AEE8827E8B0FB7CE304D /* Pods-ios-firebase-chat.release.xcconfig */;
			buildSettings = {
				ASSETCATALOG_COMPILER_APPICON_NAME = AppIcon;
				CODE_SIGN_STYLE = Automatic;
				DEVELOPMENT_TEAM = 97AS6JS382;
				INFOPLIST_FILE = "ios-firebase-chat/Info.plist";
				LD_RUNPATH_SEARCH_PATHS = (
					"$(inherited)",
					"@executable_path/Frameworks",
				);
				PRODUCT_BUNDLE_IDENTIFIER = "com.hvillasa.ios-firebase-chat";
				PRODUCT_NAME = "$(TARGET_NAME)";
				SWIFT_VERSION = 5.0;
				TARGETED_DEVICE_FAMILY = "1,2";
			};
			name = Release;
		};
/* End XCBuildConfiguration section */

/* Begin XCConfigurationList section */
		E8B2C82322C2AE5A00716421 /* Build configuration list for PBXProject "ios-firebase-chat" */ = {
			isa = XCConfigurationList;
			buildConfigurations = (
				E8B2C83822C2AE5C00716421 /* Debug */,
				E8B2C83922C2AE5C00716421 /* Release */,
			);
			defaultConfigurationIsVisible = 0;
			defaultConfigurationName = Release;
		};
		E8B2C83A22C2AE5C00716421 /* Build configuration list for PBXNativeTarget "ios-firebase-chat" */ = {
			isa = XCConfigurationList;
			buildConfigurations = (
				E8B2C83B22C2AE5C00716421 /* Debug */,
				E8B2C83C22C2AE5C00716421 /* Release */,
			);
			defaultConfigurationIsVisible = 0;
			defaultConfigurationName = Release;
		};
/* End XCConfigurationList section */
	};
	rootObject = E8B2C82022C2AE5A00716421 /* Project object */;
}
